// !$*UTF8*$!
{
	archiveVersion = 1;
	classes = {
	};
	objectVersion = 46;
	objects = {

/* Begin PBXBuildFile section */
		9CB2B01D190018F200A2E88C /* Foundation.framework in Frameworks */ = {isa = PBXBuildFile; fileRef = 9CB2B01C190018F200A2E88C /* Foundation.framework */; };
		9CB2B01F190018F200A2E88C /* CoreGraphics.framework in Frameworks */ = {isa = PBXBuildFile; fileRef = 9CB2B01E190018F200A2E88C /* CoreGraphics.framework */; };
		9CB2B021190018F200A2E88C /* UIKit.framework in Frameworks */ = {isa = PBXBuildFile; fileRef = 9CB2B020190018F200A2E88C /* UIKit.framework */; };
		9CB2B027190018F200A2E88C /* InfoPlist.strings in Resources */ = {isa = PBXBuildFile; fileRef = 9CB2B025190018F200A2E88C /* InfoPlist.strings */; };
		9CB2B029190018F200A2E88C /* main.m in Sources */ = {isa = PBXBuildFile; fileRef = 9CB2B028190018F200A2E88C /* main.m */; };
		9CB2B02D190018F200A2E88C /* BBAAppDelegate.m in Sources */ = {isa = PBXBuildFile; fileRef = 9CB2B02C190018F200A2E88C /* BBAAppDelegate.m */; };
		9CB2B02F190018F200A2E88C /* Images.xcassets in Resources */ = {isa = PBXBuildFile; fileRef = 9CB2B02E190018F200A2E88C /* Images.xcassets */; };
		9CB2B036190018F200A2E88C /* XCTest.framework in Frameworks */ = {isa = PBXBuildFile; fileRef = 9CB2B035190018F200A2E88C /* XCTest.framework */; };
		9CB2B037190018F200A2E88C /* Foundation.framework in Frameworks */ = {isa = PBXBuildFile; fileRef = 9CB2B01C190018F200A2E88C /* Foundation.framework */; };
		9CB2B038190018F200A2E88C /* UIKit.framework in Frameworks */ = {isa = PBXBuildFile; fileRef = 9CB2B020190018F200A2E88C /* UIKit.framework */; };
		9CB2B040190018F200A2E88C /* InfoPlist.strings in Resources */ = {isa = PBXBuildFile; fileRef = 9CB2B03E190018F200A2E88C /* InfoPlist.strings */; };
		9CB2B042190018F200A2E88C /* BrickBreakerTests.m in Sources */ = {isa = PBXBuildFile; fileRef = 9CB2B041190018F200A2E88C /* BrickBreakerTests.m */; };
		9CB2B04D19001BBF00A2E88C /* BBAViewController.m in Sources */ = {isa = PBXBuildFile; fileRef = 9CB2B04C19001BBF00A2E88C /* BBAViewController.m */; };
		9CB2B05019001D3400A2E88C /* BBALevelController.m in Sources */ = {isa = PBXBuildFile; fileRef = 9CB2B04F19001D3400A2E88C /* BBALevelController.m */; };
/* End PBXBuildFile section */

/* Begin PBXContainerItemProxy section */
		9CB2B039190018F200A2E88C /* PBXContainerItemProxy */ = {
			isa = PBXContainerItemProxy;
			containerPortal = 9CB2B011190018F200A2E88C /* Project object */;
			proxyType = 1;
			remoteGlobalIDString = 9CB2B018190018F200A2E88C;
			remoteInfo = BrickBreaker;
		};
/* End PBXContainerItemProxy section */

/* Begin PBXFileReference section */
		9CB2B019190018F200A2E88C /* BrickBreaker.app */ = {isa = PBXFileReference; explicitFileType = wrapper.application; includeInIndex = 0; path = BrickBreaker.app; sourceTree = BUILT_PRODUCTS_DIR; };
		9CB2B01C190018F200A2E88C /* Foundation.framework */ = {isa = PBXFileReference; lastKnownFileType = wrapper.framework; name = Foundation.framework; path = System/Library/Frameworks/Foundation.framework; sourceTree = SDKROOT; };
		9CB2B01E190018F200A2E88C /* CoreGraphics.framework */ = {isa = PBXFileReference; lastKnownFileType = wrapper.framework; name = CoreGraphics.framework; path = System/Library/Frameworks/CoreGraphics.framework; sourceTree = SDKROOT; };
		9CB2B020190018F200A2E88C /* UIKit.framework */ = {isa = PBXFileReference; lastKnownFileType = wrapper.framework; name = UIKit.framework; path = System/Library/Frameworks/UIKit.framework; sourceTree = SDKROOT; };
		9CB2B024190018F200A2E88C /* BrickBreaker-Info.plist */ = {isa = PBXFileReference; lastKnownFileType = text.plist.xml; path = "BrickBreaker-Info.plist"; sourceTree = "<group>"; };
		9CB2B026190018F200A2E88C /* en */ = {isa = PBXFileReference; lastKnownFileType = text.plist.strings; name = en; path = en.lproj/InfoPlist.strings; sourceTree = "<group>"; };
		9CB2B028190018F200A2E88C /* main.m */ = {isa = PBXFileReference; lastKnownFileType = sourcecode.c.objc; path = main.m; sourceTree = "<group>"; };
		9CB2B02A190018F200A2E88C /* BrickBreaker-Prefix.pch */ = {isa = PBXFileReference; lastKnownFileType = sourcecode.c.h; path = "BrickBreaker-Prefix.pch"; sourceTree = "<group>"; };
		9CB2B02B190018F200A2E88C /* BBAAppDelegate.h */ = {isa = PBXFileReference; lastKnownFileType = sourcecode.c.h; path = BBAAppDelegate.h; sourceTree = "<group>"; };
		9CB2B02C190018F200A2E88C /* BBAAppDelegate.m */ = {isa = PBXFileReference; lastKnownFileType = sourcecode.c.objc; path = BBAAppDelegate.m; sourceTree = "<group>"; };
		9CB2B02E190018F200A2E88C /* Images.xcassets */ = {isa = PBXFileReference; lastKnownFileType = folder.assetcatalog; path = Images.xcassets; sourceTree = "<group>"; };
		9CB2B034190018F200A2E88C /* BrickBreakerTests.xctest */ = {isa = PBXFileReference; explicitFileType = wrapper.cfbundle; includeInIndex = 0; path = BrickBreakerTests.xctest; sourceTree = BUILT_PRODUCTS_DIR; };
		9CB2B035190018F200A2E88C /* XCTest.framework */ = {isa = PBXFileReference; lastKnownFileType = wrapper.framework; name = XCTest.framework; path = Library/Frameworks/XCTest.framework; sourceTree = DEVELOPER_DIR; };
		9CB2B03D190018F200A2E88C /* BrickBreakerTests-Info.plist */ = {isa = PBXFileReference; lastKnownFileType = text.plist.xml; path = "BrickBreakerTests-Info.plist"; sourceTree = "<group>"; };
		9CB2B03F190018F200A2E88C /* en */ = {isa = PBXFileReference; lastKnownFileType = text.plist.strings; name = en; path = en.lproj/InfoPlist.strings; sourceTree = "<group>"; };
		9CB2B041190018F200A2E88C /* BrickBreakerTests.m */ = {isa = PBXFileReference; lastKnownFileType = sourcecode.c.objc; path = BrickBreakerTests.m; sourceTree = "<group>"; };
		9CB2B04B19001BBF00A2E88C /* BBAViewController.h */ = {isa = PBXFileReference; fileEncoding = 4; lastKnownFileType = sourcecode.c.h; path = BBAViewController.h; sourceTree = "<group>"; };
		9CB2B04C19001BBF00A2E88C /* BBAViewController.m */ = {isa = PBXFileReference; fileEncoding = 4; lastKnownFileType = sourcecode.c.objc; path = BBAViewController.m; sourceTree = "<group>"; };
		9CB2B04E19001D3400A2E88C /* BBALevelController.h */ = {isa = PBXFileReference; fileEncoding = 4; lastKnownFileType = sourcecode.c.h; path = BBALevelController.h; sourceTree = "<group>"; };
		9CB2B04F19001D3400A2E88C /* BBALevelController.m */ = {isa = PBXFileReference; fileEncoding = 4; lastKnownFileType = sourcecode.c.objc; path = BBALevelController.m; sourceTree = "<group>"; };
/* End PBXFileReference section */

/* Begin PBXFrameworksBuildPhase section */
		9CB2B016190018F200A2E88C /* Frameworks */ = {
			isa = PBXFrameworksBuildPhase;
			buildActionMask = 2147483647;
			files = (
				9CB2B01F190018F200A2E88C /* CoreGraphics.framework in Frameworks */,
				9CB2B021190018F200A2E88C /* UIKit.framework in Frameworks */,
				9CB2B01D190018F200A2E88C /* Foundation.framework in Frameworks */,
			);
			runOnlyForDeploymentPostprocessing = 0;
		};
		9CB2B031190018F200A2E88C /* Frameworks */ = {
			isa = PBXFrameworksBuildPhase;
			buildActionMask = 2147483647;
			files = (
				9CB2B036190018F200A2E88C /* XCTest.framework in Frameworks */,
				9CB2B038190018F200A2E88C /* UIKit.framework in Frameworks */,
				9CB2B037190018F200A2E88C /* Foundation.framework in Frameworks */,
			);
			runOnlyForDeploymentPostprocessing = 0;
		};
/* End PBXFrameworksBuildPhase section */

/* Begin PBXGroup section */
		9CB2B010190018F200A2E88C = {
			isa = PBXGroup;
			children = (
				9CB2B04E19001D3400A2E88C /* BBALevelController.h */,
				9CB2B04F19001D3400A2E88C /* BBALevelController.m */,
				9CB2B04B19001BBF00A2E88C /* BBAViewController.h */,
				9CB2B04C19001BBF00A2E88C /* BBAViewController.m */,
				9CB2B022190018F200A2E88C /* BrickBreaker */,
				9CB2B03B190018F200A2E88C /* BrickBreakerTests */,
				9CB2B01B190018F200A2E88C /* Frameworks */,
				9CB2B01A190018F200A2E88C /* Products */,
			);
			sourceTree = "<group>";
		};
		9CB2B01A190018F200A2E88C /* Products */ = {
			isa = PBXGroup;
			children = (
				9CB2B019190018F200A2E88C /* BrickBreaker.app */,
				9CB2B034190018F200A2E88C /* BrickBreakerTests.xctest */,
			);
			name = Products;
			sourceTree = "<group>";
		};
		9CB2B01B190018F200A2E88C /* Frameworks */ = {
			isa = PBXGroup;
			children = (
				9CB2B01C190018F200A2E88C /* Foundation.framework */,
				9CB2B01E190018F200A2E88C /* CoreGraphics.framework */,
				9CB2B020190018F200A2E88C /* UIKit.framework */,
				9CB2B035190018F200A2E88C /* XCTest.framework */,
			);
			name = Frameworks;
			sourceTree = "<group>";
		};
		9CB2B022190018F200A2E88C /* BrickBreaker */ = {
			isa = PBXGroup;
			children = (
				9CB2B02B190018F200A2E88C /* BBAAppDelegate.h */,
				9CB2B02C190018F200A2E88C /* BBAAppDelegate.m */,
				9CB2B02E190018F200A2E88C /* Images.xcassets */,
				9CB2B023190018F200A2E88C /* Supporting Files */,
			);
			path = BrickBreaker;
			sourceTree = "<group>";
		};
		9CB2B023190018F200A2E88C /* Supporting Files */ = {
			isa = PBXGroup;
			children = (
				9CB2B024190018F200A2E88C /* BrickBreaker-Info.plist */,
				9CB2B025190018F200A2E88C /* InfoPlist.strings */,
				9CB2B028190018F200A2E88C /* main.m */,
				9CB2B02A190018F200A2E88C /* BrickBreaker-Prefix.pch */,
			);
			name = "Supporting Files";
			sourceTree = "<group>";
		};
		9CB2B03B190018F200A2E88C /* BrickBreakerTests */ = {
			isa = PBXGroup;
			children = (
				9CB2B041190018F200A2E88C /* BrickBreakerTests.m */,
				9CB2B03C190018F200A2E88C /* Supporting Files */,
			);
			path = BrickBreakerTests;
			sourceTree = "<group>";
		};
		9CB2B03C190018F200A2E88C /* Supporting Files */ = {
			isa = PBXGroup;
			children = (
				9CB2B03D190018F200A2E88C /* BrickBreakerTests-Info.plist */,
				9CB2B03E190018F200A2E88C /* InfoPlist.strings */,
			);
			name = "Supporting Files";
			sourceTree = "<group>";
		};
/* End PBXGroup section */

/* Begin PBXNativeTarget section */
		9CB2B018190018F200A2E88C /* BrickBreaker */ = {
			isa = PBXNativeTarget;
			buildConfigurationList = 9CB2B045190018F200A2E88C /* Build configuration list for PBXNativeTarget "BrickBreaker" */;
			buildPhases = (
				9CB2B015190018F200A2E88C /* Sources */,
				9CB2B016190018F200A2E88C /* Frameworks */,
				9CB2B017190018F200A2E88C /* Resources */,
			);
			buildRules = (
			);
			dependencies = (
			);
			name = BrickBreaker;
			productName = BrickBreaker;
			productReference = 9CB2B019190018F200A2E88C /* BrickBreaker.app */;
			productType = "com.apple.product-type.application";
		};
		9CB2B033190018F200A2E88C /* BrickBreakerTests */ = {
			isa = PBXNativeTarget;
			buildConfigurationList = 9CB2B048190018F200A2E88C /* Build configuration list for PBXNativeTarget "BrickBreakerTests" */;
			buildPhases = (
				9CB2B030190018F200A2E88C /* Sources */,
				9CB2B031190018F200A2E88C /* Frameworks */,
				9CB2B032190018F200A2E88C /* Resources */,
			);
			buildRules = (
			);
			dependencies = (
				9CB2B03A190018F200A2E88C /* PBXTargetDependency */,
			);
			name = BrickBreakerTests;
			productName = BrickBreakerTests;
			productReference = 9CB2B034190018F200A2E88C /* BrickBreakerTests.xctest */;
			productType = "com.apple.product-type.bundle.unit-test";
		};
/* End PBXNativeTarget section */

/* Begin PBXProject section */
		9CB2B011190018F200A2E88C /* Project object */ = {
			isa = PBXProject;
			attributes = {
				CLASSPREFIX = BBA;
				LastUpgradeCheck = 0510;
				ORGANIZATIONNAME = T.J.;
				TargetAttributes = {
					9CB2B033190018F200A2E88C = {
						TestTargetID = 9CB2B018190018F200A2E88C;
					};
				};
			};
			buildConfigurationList = 9CB2B014190018F200A2E88C /* Build configuration list for PBXProject "BrickBreaker" */;
			compatibilityVersion = "Xcode 3.2";
			developmentRegion = English;
			hasScannedForEncodings = 0;
			knownRegions = (
				en,
			);
			mainGroup = 9CB2B010190018F200A2E88C;
			productRefGroup = 9CB2B01A190018F200A2E88C /* Products */;
			projectDirPath = "";
			projectRoot = "";
			targets = (
				9CB2B018190018F200A2E88C /* BrickBreaker */,
				9CB2B033190018F200A2E88C /* BrickBreakerTests */,
			);
		};
/* End PBXProject section */

/* Begin PBXResourcesBuildPhase section */
		9CB2B017190018F200A2E88C /* Resources */ = {
			isa = PBXResourcesBuildPhase;
			buildActionMask = 2147483647;
			files = (
				9CB2B027190018F200A2E88C /* InfoPlist.strings in Resources */,
				9CB2B02F190018F200A2E88C /* Images.xcassets in Resources */,
			);
			runOnlyForDeploymentPostprocessing = 0;
		};
		9CB2B032190018F200A2E88C /* Resources */ = {
			isa = PBXResourcesBuildPhase;
			buildActionMask = 2147483647;
			files = (
				9CB2B040190018F200A2E88C /* InfoPlist.strings in Resources */,
			);
			runOnlyForDeploymentPostprocessing = 0;
		};
/* End PBXResourcesBuildPhase section */

/* Begin PBXSourcesBuildPhase section */
		9CB2B015190018F200A2E88C /* Sources */ = {
			isa = PBXSourcesBuildPhase;
			buildActionMask = 2147483647;
			files = (
				9CB2B05019001D3400A2E88C /* BBALevelController.m in Sources */,
				9CB2B04D19001BBF00A2E88C /* BBAViewController.m in Sources */,
				9CB2B02D190018F200A2E88C /* BBAAppDelegate.m in Sources */,
				9CB2B029190018F200A2E88C /* main.m in Sources */,
			);
			runOnlyForDeploymentPostprocessing = 0;
		};
		9CB2B030190018F200A2E88C /* Sources */ = {
			isa = PBXSourcesBuildPhase;
			buildActionMask = 2147483647;
			files = (
				9CB2B042190018F200A2E88C /* BrickBreakerTests.m in Sources */,
			);
			runOnlyForDeploymentPostprocessing = 0;
		};
/* End PBXSourcesBuildPhase section */

/* Begin PBXTargetDependency section */
		9CB2B03A190018F200A2E88C /* PBXTargetDependency */ = {
			isa = PBXTargetDependency;
			target = 9CB2B018190018F200A2E88C /* BrickBreaker */;
			targetProxy = 9CB2B039190018F200A2E88C /* PBXContainerItemProxy */;
		};
/* End PBXTargetDependency section */

/* Begin PBXVariantGroup section */
		9CB2B025190018F200A2E88C /* InfoPlist.strings */ = {
			isa = PBXVariantGroup;
			children = (
				9CB2B026190018F200A2E88C /* en */,
			);
			name = InfoPlist.strings;
			sourceTree = "<group>";
		};
		9CB2B03E190018F200A2E88C /* InfoPlist.strings */ = {
			isa = PBXVariantGroup;
			children = (
				9CB2B03F190018F200A2E88C /* en */,
			);
			name = InfoPlist.strings;
			sourceTree = "<group>";
		};
/* End PBXVariantGroup section */

/* Begin XCBuildConfiguration section */
		9CB2B043190018F200A2E88C /* Debug */ = {
			isa = XCBuildConfiguration;
			buildSettings = {
				ALWAYS_SEARCH_USER_PATHS = NO;
				CLANG_CXX_LANGUAGE_STANDARD = "gnu++0x";
				CLANG_CXX_LIBRARY = "libc++";
				CLANG_ENABLE_MODULES = YES;
				CLANG_ENABLE_OBJC_ARC = YES;
				CLANG_WARN_BOOL_CONVERSION = YES;
				CLANG_WARN_CONSTANT_CONVERSION = YES;
				CLANG_WARN_DIRECT_OBJC_ISA_USAGE = YES_ERROR;
				CLANG_WARN_EMPTY_BODY = YES;
				CLANG_WARN_ENUM_CONVERSION = YES;
				CLANG_WARN_INT_CONVERSION = YES;
				CLANG_WARN_OBJC_ROOT_CLASS = YES_ERROR;
				CLANG_WARN__DUPLICATE_METHOD_MATCH = YES;
				"CODE_SIGN_IDENTITY[sdk=iphoneos*]" = "iPhone Developer";
				COPY_PHASE_STRIP = NO;
				GCC_C_LANGUAGE_STANDARD = gnu99;
				GCC_DYNAMIC_NO_PIC = NO;
				GCC_OPTIMIZATION_LEVEL = 0;
				GCC_PREPROCESSOR_DEFINITIONS = (
					"DEBUG=1",
					"$(inherited)",
				);
				GCC_SYMBOLS_PRIVATE_EXTERN = NO;
				GCC_WARN_64_TO_32_BIT_CONVERSION = YES;
				GCC_WARN_ABOUT_RETURN_TYPE = YES_ERROR;
				GCC_WARN_UNDECLARED_SELECTOR = YES;
				GCC_WARN_UNINITIALIZED_AUTOS = YES_AGGRESSIVE;
				GCC_WARN_UNUSED_FUNCTION = YES;
				GCC_WARN_UNUSED_VARIABLE = YES;
				IPHONEOS_DEPLOYMENT_TARGET = 7.1;
				ONLY_ACTIVE_ARCH = YES;
				SDKROOT = iphoneos;
			};
			name = Debug;
		};
		9CB2B044190018F200A2E88C /* Release */ = {
			isa = XCBuildConfiguration;
			buildSettings = {
				ALWAYS_SEARCH_USER_PATHS = NO;
				CLANG_CXX_LANGUAGE_STANDARD = "gnu++0x";
				CLANG_CXX_LIBRARY = "libc++";
				CLANG_ENABLE_MODULES = YES;
				CLANG_ENABLE_OBJC_ARC = YES;
				CLANG_WARN_BOOL_CONVERSION = YES;
				CLANG_WARN_CONSTANT_CONVERSION = YES;
				CLANG_WARN_DIRECT_OBJC_ISA_USAGE = YES_ERROR;
				CLANG_WARN_EMPTY_BODY = YES;
				CLANG_WARN_ENUM_CONVERSION = YES;
				CLANG_WARN_INT_CONVERSION = YES;
				CLANG_WARN_OBJC_ROOT_CLASS = YES_ERROR;
				CLANG_WARN__DUPLICATE_METHOD_MATCH = YES;
				"CODE_SIGN_IDENTITY[sdk=iphoneos*]" = "iPhone Developer";
				COPY_PHASE_STRIP = YES;
				ENABLE_NS_ASSERTIONS = NO;
				GCC_C_LANGUAGE_STANDARD = gnu99;
				GCC_WARN_64_TO_32_BIT_CONVERSION = YES;
				GCC_WARN_ABOUT_RETURN_TYPE = YES_ERROR;
				GCC_WARN_UNDECLARED_SELECTOR = YES;
				GCC_WARN_UNINITIALIZED_AUTOS = YES_AGGRESSIVE;
				GCC_WARN_UNUSED_FUNCTION = YES;
				GCC_WARN_UNUSED_VARIABLE = YES;
				IPHONEOS_DEPLOYMENT_TARGET = 7.1;
				SDKROOT = iphoneos;
				VALIDATE_PRODUCT = YES;
			};
			name = Release;
		};
		9CB2B046190018F200A2E88C /* Debug */ = {
			isa = XCBuildConfiguration;
			buildSettings = {
				ASSETCATALOG_COMPILER_APPICON_NAME = AppIcon;
				ASSETCATALOG_COMPILER_LAUNCHIMAGE_NAME = LaunchImage;
				GCC_PRECOMPILE_PREFIX_HEADER = YES;
				GCC_PREFIX_HEADER = "BrickBreaker/BrickBreaker-Prefix.pch";
				INFOPLIST_FILE = "BrickBreaker/BrickBreaker-Info.plist";
				PRODUCT_NAME = "$(TARGET_NAME)";
				WRAPPER_EXTENSION = app;
			};
			name = Debug;
		};
		9CB2B047190018F200A2E88C /* Release */ = {
			isa = XCBuildConfiguration;
			buildSettings = {
				ASSETCATALOG_COMPILER_APPICON_NAME = AppIcon;
				ASSETCATALOG_COMPILER_LAUNCHIMAGE_NAME = LaunchImage;
				GCC_PRECOMPILE_PREFIX_HEADER = YES;
				GCC_PREFIX_HEADER = "BrickBreaker/BrickBreaker-Prefix.pch";
				INFOPLIST_FILE = "BrickBreaker/BrickBreaker-Info.plist";
				PRODUCT_NAME = "$(TARGET_NAME)";
				WRAPPER_EXTENSION = app;
			};
			name = Release;
		};
		9CB2B049190018F200A2E88C /* Debug */ = {
			isa = XCBuildConfiguration;
			buildSettings = {
				BUNDLE_LOADER = "$(BUILT_PRODUCTS_DIR)/BrickBreaker.app/BrickBreaker";
				FRAMEWORK_SEARCH_PATHS = (
					"$(SDKROOT)/Developer/Library/Frameworks",
					"$(inherited)",
					"$(DEVELOPER_FRAMEWORKS_DIR)",
				);
				GCC_PRECOMPILE_PREFIX_HEADER = YES;
				GCC_PREFIX_HEADER = "BrickBreaker/BrickBreaker-Prefix.pch";
				GCC_PREPROCESSOR_DEFINITIONS = (
					"DEBUG=1",
					"$(inherited)",
				);
				INFOPLIST_FILE = "BrickBreakerTests/BrickBreakerTests-Info.plist";
				PRODUCT_NAME = "$(TARGET_NAME)";
				TEST_HOST = "$(BUNDLE_LOADER)";
				WRAPPER_EXTENSION = xctest;
			};
			name = Debug;
		};
		9CB2B04A190018F200A2E88C /* Release */ = {
			isa = XCBuildConfiguration;
			buildSettings = {
				BUNDLE_LOADER = "$(BUILT_PRODUCTS_DIR)/BrickBreaker.app/BrickBreaker";
				FRAMEWORK_SEARCH_PATHS = (
					"$(SDKROOT)/Developer/Library/Frameworks",
					"$(inherited)",
					"$(DEVELOPER_FRAMEWORKS_DIR)",
				);
				GCC_PRECOMPILE_PREFIX_HEADER = YES;
				GCC_PREFIX_HEADER = "BrickBreaker/BrickBreaker-Prefix.pch";
				INFOPLIST_FILE = "BrickBreakerTests/BrickBreakerTests-Info.plist";
				PRODUCT_NAME = "$(TARGET_NAME)";
				TEST_HOST = "$(BUNDLE_LOADER)";
				WRAPPER_EXTENSION = xctest;
			};
			name = Release;
		};
/* End XCBuildConfiguration section */

/* Begin XCConfigurationList section */
		9CB2B014190018F200A2E88C /* Build configuration list for PBXProject "BrickBreaker" */ = {
			isa = XCConfigurationList;
			buildConfigurations = (
				9CB2B043190018F200A2E88C /* Debug */,
				9CB2B044190018F200A2E88C /* Release */,
			);
			defaultConfigurationIsVisible = 0;
			defaultConfigurationName = Release;
		};
		9CB2B045190018F200A2E88C /* Build configuration list for PBXNativeTarget "BrickBreaker" */ = {
			isa = XCConfigurationList;
			buildConfigurations = (
				9CB2B046190018F200A2E88C /* Debug */,
				9CB2B047190018F200A2E88C /* Release */,
			);
			defaultConfigurationIsVisible = 0;
		};
		9CB2B048190018F200A2E88C /* Build configuration list for PBXNativeTarget "BrickBreakerTests" */ = {
			isa = XCConfigurationList;
			buildConfigurations = (
				9CB2B049190018F200A2E88C /* Debug */,
				9CB2B04A190018F200A2E88C /* Release */,
			);
			defaultConfigurationIsVisible = 0;
		};
/* End XCConfigurationList section */
	};
	rootObject = 9CB2B011190018F200A2E88C /* Project object */;
}
