// !$*UTF8*$!
{
	archiveVersion = 1;
	classes = {
	};
	objectVersion = 46;
	objects = {

/* Begin PBXBuildFile section */
		9C723C141925275400B151FB /* Foundation.framework in Frameworks */ = {isa = PBXBuildFile; fileRef = 9C723C131925275400B151FB /* Foundation.framework */; };
		9C723C161925275400B151FB /* CoreGraphics.framework in Frameworks */ = {isa = PBXBuildFile; fileRef = 9C723C151925275400B151FB /* CoreGraphics.framework */; };
		9C723C181925275400B151FB /* UIKit.framework in Frameworks */ = {isa = PBXBuildFile; fileRef = 9C723C171925275400B151FB /* UIKit.framework */; };
		9C723C1E1925275400B151FB /* InfoPlist.strings in Resources */ = {isa = PBXBuildFile; fileRef = 9C723C1C1925275400B151FB /* InfoPlist.strings */; };
		9C723C201925275400B151FB /* main.m in Sources */ = {isa = PBXBuildFile; fileRef = 9C723C1F1925275400B151FB /* main.m */; };
		9C723C241925275400B151FB /* SYBAppDelegate.m in Sources */ = {isa = PBXBuildFile; fileRef = 9C723C231925275400B151FB /* SYBAppDelegate.m */; };
		9C723C261925275400B151FB /* Images.xcassets in Resources */ = {isa = PBXBuildFile; fileRef = 9C723C251925275400B151FB /* Images.xcassets */; };
		9C723C2D1925275400B151FB /* XCTest.framework in Frameworks */ = {isa = PBXBuildFile; fileRef = 9C723C2C1925275400B151FB /* XCTest.framework */; };
		9C723C2E1925275400B151FB /* Foundation.framework in Frameworks */ = {isa = PBXBuildFile; fileRef = 9C723C131925275400B151FB /* Foundation.framework */; };
		9C723C2F1925275400B151FB /* UIKit.framework in Frameworks */ = {isa = PBXBuildFile; fileRef = 9C723C171925275400B151FB /* UIKit.framework */; };
		9C723C371925275400B151FB /* InfoPlist.strings in Resources */ = {isa = PBXBuildFile; fileRef = 9C723C351925275400B151FB /* InfoPlist.strings */; };
		9C723C391925275400B151FB /* Story_BoardTests.m in Sources */ = {isa = PBXBuildFile; fileRef = 9C723C381925275400B151FB /* Story_BoardTests.m */; };
		9C723C441925278000B151FB /* SYBStartup.m in Sources */ = {isa = PBXBuildFile; fileRef = 9C723C431925278000B151FB /* SYBStartup.m */; };
		9C9FC9671927AFEA005ECDB5 /* SYBProjectList.m in Sources */ = {isa = PBXBuildFile; fileRef = 9C9FC9661927AFEA005ECDB5 /* SYBProjectList.m */; };
		9CFF4D3E192694AC00FED5E3 /* SYBNewProjectView.m in Sources */ = {isa = PBXBuildFile; fileRef = 9CFF4D3D192694AC00FED5E3 /* SYBNewProjectView.m */; };
		9CFF4D421926952000FED5E3 /* SYBData.m in Sources */ = {isa = PBXBuildFile; fileRef = 9CFF4D411926952000FED5E3 /* SYBData.m */; };
/* End PBXBuildFile section */

/* Begin PBXContainerItemProxy section */
		9C723C301925275400B151FB /* PBXContainerItemProxy */ = {
			isa = PBXContainerItemProxy;
			containerPortal = 9C723C081925275400B151FB /* Project object */;
			proxyType = 1;
			remoteGlobalIDString = 9C723C0F1925275400B151FB;
			remoteInfo = "Story Board";
		};
/* End PBXContainerItemProxy section */

/* Begin PBXFileReference section */
		9C723C101925275400B151FB /* Story Board.app */ = {isa = PBXFileReference; explicitFileType = wrapper.application; includeInIndex = 0; path = "Story Board.app"; sourceTree = BUILT_PRODUCTS_DIR; };
		9C723C131925275400B151FB /* Foundation.framework */ = {isa = PBXFileReference; lastKnownFileType = wrapper.framework; name = Foundation.framework; path = System/Library/Frameworks/Foundation.framework; sourceTree = SDKROOT; };
		9C723C151925275400B151FB /* CoreGraphics.framework */ = {isa = PBXFileReference; lastKnownFileType = wrapper.framework; name = CoreGraphics.framework; path = System/Library/Frameworks/CoreGraphics.framework; sourceTree = SDKROOT; };
		9C723C171925275400B151FB /* UIKit.framework */ = {isa = PBXFileReference; lastKnownFileType = wrapper.framework; name = UIKit.framework; path = System/Library/Frameworks/UIKit.framework; sourceTree = SDKROOT; };
		9C723C1B1925275400B151FB /* Story Board-Info.plist */ = {isa = PBXFileReference; lastKnownFileType = text.plist.xml; path = "Story Board-Info.plist"; sourceTree = "<group>"; };
		9C723C1D1925275400B151FB /* en */ = {isa = PBXFileReference; lastKnownFileType = text.plist.strings; name = en; path = en.lproj/InfoPlist.strings; sourceTree = "<group>"; };
		9C723C1F1925275400B151FB /* main.m */ = {isa = PBXFileReference; lastKnownFileType = sourcecode.c.objc; path = main.m; sourceTree = "<group>"; };
		9C723C211925275400B151FB /* Story Board-Prefix.pch */ = {isa = PBXFileReference; lastKnownFileType = sourcecode.c.h; path = "Story Board-Prefix.pch"; sourceTree = "<group>"; };
		9C723C221925275400B151FB /* SYBAppDelegate.h */ = {isa = PBXFileReference; lastKnownFileType = sourcecode.c.h; path = SYBAppDelegate.h; sourceTree = "<group>"; };
		9C723C231925275400B151FB /* SYBAppDelegate.m */ = {isa = PBXFileReference; lastKnownFileType = sourcecode.c.objc; path = SYBAppDelegate.m; sourceTree = "<group>"; };
		9C723C251925275400B151FB /* Images.xcassets */ = {isa = PBXFileReference; lastKnownFileType = folder.assetcatalog; path = Images.xcassets; sourceTree = "<group>"; };
		9C723C2B1925275400B151FB /* Story BoardTests.xctest */ = {isa = PBXFileReference; explicitFileType = wrapper.cfbundle; includeInIndex = 0; path = "Story BoardTests.xctest"; sourceTree = BUILT_PRODUCTS_DIR; };
		9C723C2C1925275400B151FB /* XCTest.framework */ = {isa = PBXFileReference; lastKnownFileType = wrapper.framework; name = XCTest.framework; path = Library/Frameworks/XCTest.framework; sourceTree = DEVELOPER_DIR; };
		9C723C341925275400B151FB /* Story BoardTests-Info.plist */ = {isa = PBXFileReference; lastKnownFileType = text.plist.xml; path = "Story BoardTests-Info.plist"; sourceTree = "<group>"; };
		9C723C361925275400B151FB /* en */ = {isa = PBXFileReference; lastKnownFileType = text.plist.strings; name = en; path = en.lproj/InfoPlist.strings; sourceTree = "<group>"; };
		9C723C381925275400B151FB /* Story_BoardTests.m */ = {isa = PBXFileReference; lastKnownFileType = sourcecode.c.objc; path = Story_BoardTests.m; sourceTree = "<group>"; };
		9C723C421925278000B151FB /* SYBStartup.h */ = {isa = PBXFileReference; fileEncoding = 4; lastKnownFileType = sourcecode.c.h; path = SYBStartup.h; sourceTree = "<group>"; };
		9C723C431925278000B151FB /* SYBStartup.m */ = {isa = PBXFileReference; fileEncoding = 4; lastKnownFileType = sourcecode.c.objc; path = SYBStartup.m; sourceTree = "<group>"; };
		9C9FC9651927AFEA005ECDB5 /* SYBProjectList.h */ = {isa = PBXFileReference; fileEncoding = 4; lastKnownFileType = sourcecode.c.h; path = SYBProjectList.h; sourceTree = "<group>"; };
		9C9FC9661927AFEA005ECDB5 /* SYBProjectList.m */ = {isa = PBXFileReference; fileEncoding = 4; lastKnownFileType = sourcecode.c.objc; path = SYBProjectList.m; sourceTree = "<group>"; };
		9CFF4D3C192694AC00FED5E3 /* SYBNewProjectView.h */ = {isa = PBXFileReference; fileEncoding = 4; lastKnownFileType = sourcecode.c.h; path = SYBNewProjectView.h; sourceTree = "<group>"; };
		9CFF4D3D192694AC00FED5E3 /* SYBNewProjectView.m */ = {isa = PBXFileReference; fileEncoding = 4; lastKnownFileType = sourcecode.c.objc; path = SYBNewProjectView.m; sourceTree = "<group>"; };
		9CFF4D401926952000FED5E3 /* SYBData.h */ = {isa = PBXFileReference; fileEncoding = 4; lastKnownFileType = sourcecode.c.h; path = SYBData.h; sourceTree = "<group>"; };
		9CFF4D411926952000FED5E3 /* SYBData.m */ = {isa = PBXFileReference; fileEncoding = 4; lastKnownFileType = sourcecode.c.objc; path = SYBData.m; sourceTree = "<group>"; };
/* End PBXFileReference section */

/* Begin PBXFrameworksBuildPhase section */
		9C723C0D1925275400B151FB /* Frameworks */ = {
			isa = PBXFrameworksBuildPhase;
			buildActionMask = 2147483647;
			files = (
				9C723C161925275400B151FB /* CoreGraphics.framework in Frameworks */,
				9C723C181925275400B151FB /* UIKit.framework in Frameworks */,
				9C723C141925275400B151FB /* Foundation.framework in Frameworks */,
			);
			runOnlyForDeploymentPostprocessing = 0;
		};
		9C723C281925275400B151FB /* Frameworks */ = {
			isa = PBXFrameworksBuildPhase;
			buildActionMask = 2147483647;
			files = (
				9C723C2D1925275400B151FB /* XCTest.framework in Frameworks */,
				9C723C2F1925275400B151FB /* UIKit.framework in Frameworks */,
				9C723C2E1925275400B151FB /* Foundation.framework in Frameworks */,
			);
			runOnlyForDeploymentPostprocessing = 0;
		};
/* End PBXFrameworksBuildPhase section */

/* Begin PBXGroup section */
		9C723C071925275400B151FB = {
			isa = PBXGroup;
			children = (
				9C723C421925278000B151FB /* SYBStartup.h */,
				9C723C431925278000B151FB /* SYBStartup.m */,
				9CFF4D3F192694D000FED5E3 /* Data */,
				9CFF4D3B1926948A00FED5E3 /* Popups */,
				9C723C191925275400B151FB /* Story Board */,
				9C723C321925275400B151FB /* Story BoardTests */,
				9C723C121925275400B151FB /* Frameworks */,
				9C723C111925275400B151FB /* Products */,
			);
			sourceTree = "<group>";
		};
		9C723C111925275400B151FB /* Products */ = {
			isa = PBXGroup;
			children = (
				9C723C101925275400B151FB /* Story Board.app */,
				9C723C2B1925275400B151FB /* Story BoardTests.xctest */,
			);
			name = Products;
			sourceTree = "<group>";
		};
		9C723C121925275400B151FB /* Frameworks */ = {
			isa = PBXGroup;
			children = (
				9C723C131925275400B151FB /* Foundation.framework */,
				9C723C151925275400B151FB /* CoreGraphics.framework */,
				9C723C171925275400B151FB /* UIKit.framework */,
				9C723C2C1925275400B151FB /* XCTest.framework */,
			);
			name = Frameworks;
			sourceTree = "<group>";
		};
		9C723C191925275400B151FB /* Story Board */ = {
			isa = PBXGroup;
			children = (
				9C723C221925275400B151FB /* SYBAppDelegate.h */,
				9C723C231925275400B151FB /* SYBAppDelegate.m */,
				9C723C251925275400B151FB /* Images.xcassets */,
				9C723C1A1925275400B151FB /* Supporting Files */,
			);
			path = "Story Board";
			sourceTree = "<group>";
		};
		9C723C1A1925275400B151FB /* Supporting Files */ = {
			isa = PBXGroup;
			children = (
				9C723C1B1925275400B151FB /* Story Board-Info.plist */,
				9C723C1C1925275400B151FB /* InfoPlist.strings */,
				9C723C1F1925275400B151FB /* main.m */,
				9C723C211925275400B151FB /* Story Board-Prefix.pch */,
			);
			name = "Supporting Files";
			sourceTree = "<group>";
		};
		9C723C321925275400B151FB /* Story BoardTests */ = {
			isa = PBXGroup;
			children = (
				9C723C381925275400B151FB /* Story_BoardTests.m */,
				9C723C331925275400B151FB /* Supporting Files */,
			);
			path = "Story BoardTests";
			sourceTree = "<group>";
		};
		9C723C331925275400B151FB /* Supporting Files */ = {
			isa = PBXGroup;
			children = (
				9C723C341925275400B151FB /* Story BoardTests-Info.plist */,
				9C723C351925275400B151FB /* InfoPlist.strings */,
			);
			name = "Supporting Files";
			sourceTree = "<group>";
		};
		9CFF4D3B1926948A00FED5E3 /* Popups */ = {
			isa = PBXGroup;
			children = (
				9CFF4D3C192694AC00FED5E3 /* SYBNewProjectView.h */,
				9CFF4D3D192694AC00FED5E3 /* SYBNewProjectView.m */,
				9C9FC9651927AFEA005ECDB5 /* SYBProjectList.h */,
				9C9FC9661927AFEA005ECDB5 /* SYBProjectList.m */,
			);
			name = Popups;
			sourceTree = "<group>";
		};
		9CFF4D3F192694D000FED5E3 /* Data */ = {
			isa = PBXGroup;
			children = (
				9CFF4D401926952000FED5E3 /* SYBData.h */,
				9CFF4D411926952000FED5E3 /* SYBData.m */,
			);
			name = Data;
			sourceTree = "<group>";
		};
/* End PBXGroup section */

/* Begin PBXNativeTarget section */
		9C723C0F1925275400B151FB /* Story Board */ = {
			isa = PBXNativeTarget;
			buildConfigurationList = 9C723C3C1925275400B151FB /* Build configuration list for PBXNativeTarget "Story Board" */;
			buildPhases = (
				9C723C0C1925275400B151FB /* Sources */,
				9C723C0D1925275400B151FB /* Frameworks */,
				9C723C0E1925275400B151FB /* Resources */,
			);
			buildRules = (
			);
			dependencies = (
			);
			name = "Story Board";
			productName = "Story Board";
			productReference = 9C723C101925275400B151FB /* Story Board.app */;
			productType = "com.apple.product-type.application";
		};
		9C723C2A1925275400B151FB /* Story BoardTests */ = {
			isa = PBXNativeTarget;
			buildConfigurationList = 9C723C3F1925275400B151FB /* Build configuration list for PBXNativeTarget "Story BoardTests" */;
			buildPhases = (
				9C723C271925275400B151FB /* Sources */,
				9C723C281925275400B151FB /* Frameworks */,
				9C723C291925275400B151FB /* Resources */,
			);
			buildRules = (
			);
			dependencies = (
				9C723C311925275400B151FB /* PBXTargetDependency */,
			);
			name = "Story BoardTests";
			productName = "Story BoardTests";
			productReference = 9C723C2B1925275400B151FB /* Story BoardTests.xctest */;
			productType = "com.apple.product-type.bundle.unit-test";
		};
/* End PBXNativeTarget section */

/* Begin PBXProject section */
		9C723C081925275400B151FB /* Project object */ = {
			isa = PBXProject;
			attributes = {
				CLASSPREFIX = SYB;
				LastUpgradeCheck = 0510;
				ORGANIZATIONNAME = T.J.;
				TargetAttributes = {
					9C723C2A1925275400B151FB = {
						TestTargetID = 9C723C0F1925275400B151FB;
					};
				};
			};
			buildConfigurationList = 9C723C0B1925275400B151FB /* Build configuration list for PBXProject "Story Board" */;
			compatibilityVersion = "Xcode 3.2";
			developmentRegion = English;
			hasScannedForEncodings = 0;
			knownRegions = (
				en,
			);
			mainGroup = 9C723C071925275400B151FB;
			productRefGroup = 9C723C111925275400B151FB /* Products */;
			projectDirPath = "";
			projectRoot = "";
			targets = (
				9C723C0F1925275400B151FB /* Story Board */,
				9C723C2A1925275400B151FB /* Story BoardTests */,
			);
		};
/* End PBXProject section */

/* Begin PBXResourcesBuildPhase section */
		9C723C0E1925275400B151FB /* Resources */ = {
			isa = PBXResourcesBuildPhase;
			buildActionMask = 2147483647;
			files = (
				9C723C1E1925275400B151FB /* InfoPlist.strings in Resources */,
				9C723C261925275400B151FB /* Images.xcassets in Resources */,
			);
			runOnlyForDeploymentPostprocessing = 0;
		};
		9C723C291925275400B151FB /* Resources */ = {
			isa = PBXResourcesBuildPhase;
			buildActionMask = 2147483647;
			files = (
				9C723C371925275400B151FB /* InfoPlist.strings in Resources */,
			);
			runOnlyForDeploymentPostprocessing = 0;
		};
/* End PBXResourcesBuildPhase section */

/* Begin PBXSourcesBuildPhase section */
		9C723C0C1925275400B151FB /* Sources */ = {
			isa = PBXSourcesBuildPhase;
			buildActionMask = 2147483647;
			files = (
				9CFF4D3E192694AC00FED5E3 /* SYBNewProjectView.m in Sources */,
				9C723C201925275400B151FB /* main.m in Sources */,
				9CFF4D421926952000FED5E3 /* SYBData.m in Sources */,
				9C723C241925275400B151FB /* SYBAppDelegate.m in Sources */,
				9C9FC9671927AFEA005ECDB5 /* SYBProjectList.m in Sources */,
				9C723C441925278000B151FB /* SYBStartup.m in Sources */,
			);
			runOnlyForDeploymentPostprocessing = 0;
		};
		9C723C271925275400B151FB /* Sources */ = {
			isa = PBXSourcesBuildPhase;
			buildActionMask = 2147483647;
			files = (
				9C723C391925275400B151FB /* Story_BoardTests.m in Sources */,
			);
			runOnlyForDeploymentPostprocessing = 0;
		};
/* End PBXSourcesBuildPhase section */

/* Begin PBXTargetDependency section */
		9C723C311925275400B151FB /* PBXTargetDependency */ = {
			isa = PBXTargetDependency;
			target = 9C723C0F1925275400B151FB /* Story Board */;
			targetProxy = 9C723C301925275400B151FB /* PBXContainerItemProxy */;
		};
/* End PBXTargetDependency section */

/* Begin PBXVariantGroup section */
		9C723C1C1925275400B151FB /* InfoPlist.strings */ = {
			isa = PBXVariantGroup;
			children = (
				9C723C1D1925275400B151FB /* en */,
			);
			name = InfoPlist.strings;
			sourceTree = "<group>";
		};
		9C723C351925275400B151FB /* InfoPlist.strings */ = {
			isa = PBXVariantGroup;
			children = (
				9C723C361925275400B151FB /* en */,
			);
			name = InfoPlist.strings;
			sourceTree = "<group>";
		};
/* End PBXVariantGroup section */

/* Begin XCBuildConfiguration section */
		9C723C3A1925275400B151FB /* Debug */ = {
			isa = XCBuildConfiguration;
			buildSettings = {
				ALWAYS_SEARCH_USER_PATHS = NO;
				CLANG_CXX_LANGUAGE_STANDARD = "gnu++0x";
				CLANG_CXX_LIBRARY = "libc++";
				CLANG_ENABLE_MODULES = YES;
				CLANG_ENABLE_OBJC_ARC = YES;
				CLANG_WARN_BOOL_CONVERSION = YES;
				CLANG_WARN_CONSTANT_CONVERSION = YES;
				CLANG_WARN_DIRECT_OBJC_ISA_USAGE = YES_ERROR;
				CLANG_WARN_EMPTY_BODY = YES;
				CLANG_WARN_ENUM_CONVERSION = YES;
				CLANG_WARN_INT_CONVERSION = YES;
				CLANG_WARN_OBJC_ROOT_CLASS = YES_ERROR;
				CLANG_WARN__DUPLICATE_METHOD_MATCH = YES;
				"CODE_SIGN_IDENTITY[sdk=iphoneos*]" = "iPhone Developer";
				COPY_PHASE_STRIP = NO;
				GCC_C_LANGUAGE_STANDARD = gnu99;
				GCC_DYNAMIC_NO_PIC = NO;
				GCC_OPTIMIZATION_LEVEL = 0;
				GCC_PREPROCESSOR_DEFINITIONS = (
					"DEBUG=1",
					"$(inherited)",
				);
				GCC_SYMBOLS_PRIVATE_EXTERN = NO;
				GCC_WARN_64_TO_32_BIT_CONVERSION = YES;
				GCC_WARN_ABOUT_RETURN_TYPE = YES_ERROR;
				GCC_WARN_UNDECLARED_SELECTOR = YES;
				GCC_WARN_UNINITIALIZED_AUTOS = YES_AGGRESSIVE;
				GCC_WARN_UNUSED_FUNCTION = YES;
				GCC_WARN_UNUSED_VARIABLE = YES;
				IPHONEOS_DEPLOYMENT_TARGET = 7.1;
				ONLY_ACTIVE_ARCH = YES;
				SDKROOT = iphoneos;
			};
			name = Debug;
		};
		9C723C3B1925275400B151FB /* Release */ = {
			isa = XCBuildConfiguration;
			buildSettings = {
				ALWAYS_SEARCH_USER_PATHS = NO;
				CLANG_CXX_LANGUAGE_STANDARD = "gnu++0x";
				CLANG_CXX_LIBRARY = "libc++";
				CLANG_ENABLE_MODULES = YES;
				CLANG_ENABLE_OBJC_ARC = YES;
				CLANG_WARN_BOOL_CONVERSION = YES;
				CLANG_WARN_CONSTANT_CONVERSION = YES;
				CLANG_WARN_DIRECT_OBJC_ISA_USAGE = YES_ERROR;
				CLANG_WARN_EMPTY_BODY = YES;
				CLANG_WARN_ENUM_CONVERSION = YES;
				CLANG_WARN_INT_CONVERSION = YES;
				CLANG_WARN_OBJC_ROOT_CLASS = YES_ERROR;
				CLANG_WARN__DUPLICATE_METHOD_MATCH = YES;
				"CODE_SIGN_IDENTITY[sdk=iphoneos*]" = "iPhone Developer";
				COPY_PHASE_STRIP = YES;
				ENABLE_NS_ASSERTIONS = NO;
				GCC_C_LANGUAGE_STANDARD = gnu99;
				GCC_WARN_64_TO_32_BIT_CONVERSION = YES;
				GCC_WARN_ABOUT_RETURN_TYPE = YES_ERROR;
				GCC_WARN_UNDECLARED_SELECTOR = YES;
				GCC_WARN_UNINITIALIZED_AUTOS = YES_AGGRESSIVE;
				GCC_WARN_UNUSED_FUNCTION = YES;
				GCC_WARN_UNUSED_VARIABLE = YES;
				IPHONEOS_DEPLOYMENT_TARGET = 7.1;
				SDKROOT = iphoneos;
				VALIDATE_PRODUCT = YES;
			};
			name = Release;
		};
		9C723C3D1925275400B151FB /* Debug */ = {
			isa = XCBuildConfiguration;
			buildSettings = {
				ASSETCATALOG_COMPILER_APPICON_NAME = AppIcon;
				ASSETCATALOG_COMPILER_LAUNCHIMAGE_NAME = LaunchImage;
				GCC_PRECOMPILE_PREFIX_HEADER = YES;
				GCC_PREFIX_HEADER = "Story Board/Story Board-Prefix.pch";
				INFOPLIST_FILE = "Story Board/Story Board-Info.plist";
				PRODUCT_NAME = "$(TARGET_NAME)";
				WRAPPER_EXTENSION = app;
			};
			name = Debug;
		};
		9C723C3E1925275400B151FB /* Release */ = {
			isa = XCBuildConfiguration;
			buildSettings = {
				ASSETCATALOG_COMPILER_APPICON_NAME = AppIcon;
				ASSETCATALOG_COMPILER_LAUNCHIMAGE_NAME = LaunchImage;
				GCC_PRECOMPILE_PREFIX_HEADER = YES;
				GCC_PREFIX_HEADER = "Story Board/Story Board-Prefix.pch";
				INFOPLIST_FILE = "Story Board/Story Board-Info.plist";
				PRODUCT_NAME = "$(TARGET_NAME)";
				WRAPPER_EXTENSION = app;
			};
			name = Release;
		};
		9C723C401925275400B151FB /* Debug */ = {
			isa = XCBuildConfiguration;
			buildSettings = {
				BUNDLE_LOADER = "$(BUILT_PRODUCTS_DIR)/Story Board.app/Story Board";
				FRAMEWORK_SEARCH_PATHS = (
					"$(SDKROOT)/Developer/Library/Frameworks",
					"$(inherited)",
					"$(DEVELOPER_FRAMEWORKS_DIR)",
				);
				GCC_PRECOMPILE_PREFIX_HEADER = YES;
				GCC_PREFIX_HEADER = "Story Board/Story Board-Prefix.pch";
				GCC_PREPROCESSOR_DEFINITIONS = (
					"DEBUG=1",
					"$(inherited)",
				);
				INFOPLIST_FILE = "Story BoardTests/Story BoardTests-Info.plist";
				PRODUCT_NAME = "$(TARGET_NAME)";
				TEST_HOST = "$(BUNDLE_LOADER)";
				WRAPPER_EXTENSION = xctest;
			};
			name = Debug;
		};
		9C723C411925275400B151FB /* Release */ = {
			isa = XCBuildConfiguration;
			buildSettings = {
				BUNDLE_LOADER = "$(BUILT_PRODUCTS_DIR)/Story Board.app/Story Board";
				FRAMEWORK_SEARCH_PATHS = (
					"$(SDKROOT)/Developer/Library/Frameworks",
					"$(inherited)",
					"$(DEVELOPER_FRAMEWORKS_DIR)",
				);
				GCC_PRECOMPILE_PREFIX_HEADER = YES;
				GCC_PREFIX_HEADER = "Story Board/Story Board-Prefix.pch";
				INFOPLIST_FILE = "Story BoardTests/Story BoardTests-Info.plist";
				PRODUCT_NAME = "$(TARGET_NAME)";
				TEST_HOST = "$(BUNDLE_LOADER)";
				WRAPPER_EXTENSION = xctest;
			};
			name = Release;
		};
/* End XCBuildConfiguration section */

/* Begin XCConfigurationList section */
		9C723C0B1925275400B151FB /* Build configuration list for PBXProject "Story Board" */ = {
			isa = XCConfigurationList;
			buildConfigurations = (
				9C723C3A1925275400B151FB /* Debug */,
				9C723C3B1925275400B151FB /* Release */,
			);
			defaultConfigurationIsVisible = 0;
			defaultConfigurationName = Release;
		};
		9C723C3C1925275400B151FB /* Build configuration list for PBXNativeTarget "Story Board" */ = {
			isa = XCConfigurationList;
			buildConfigurations = (
				9C723C3D1925275400B151FB /* Debug */,
				9C723C3E1925275400B151FB /* Release */,
			);
			defaultConfigurationIsVisible = 0;
			defaultConfigurationName = Release;
		};
		9C723C3F1925275400B151FB /* Build configuration list for PBXNativeTarget "Story BoardTests" */ = {
			isa = XCConfigurationList;
			buildConfigurations = (
				9C723C401925275400B151FB /* Debug */,
				9C723C411925275400B151FB /* Release */,
			);
			defaultConfigurationIsVisible = 0;
			defaultConfigurationName = Release;
		};
/* End XCConfigurationList section */
	};
	rootObject = 9C723C081925275400B151FB /* Project object */;
}
