// !$*UTF8*$!
{
	archiveVersion = 1;
	classes = {
	};
	objectVersion = 46;
	objects = {

/* Begin PBXBuildFile section */
		9C67EF90194B33EC0019B03E /* Foundation.framework in Frameworks */ = {isa = PBXBuildFile; fileRef = 9C67EF8F194B33EC0019B03E /* Foundation.framework */; };
		9C67EF92194B33EC0019B03E /* CoreGraphics.framework in Frameworks */ = {isa = PBXBuildFile; fileRef = 9C67EF91194B33EC0019B03E /* CoreGraphics.framework */; };
		9C67EF94194B33EC0019B03E /* UIKit.framework in Frameworks */ = {isa = PBXBuildFile; fileRef = 9C67EF93194B33EC0019B03E /* UIKit.framework */; };
		9C67EF9A194B33EC0019B03E /* InfoPlist.strings in Resources */ = {isa = PBXBuildFile; fileRef = 9C67EF98194B33EC0019B03E /* InfoPlist.strings */; };
		9C67EF9C194B33EC0019B03E /* main.m in Sources */ = {isa = PBXBuildFile; fileRef = 9C67EF9B194B33EC0019B03E /* main.m */; };
		9C67EFA0194B33EC0019B03E /* testAppDelegate.m in Sources */ = {isa = PBXBuildFile; fileRef = 9C67EF9F194B33EC0019B03E /* testAppDelegate.m */; };
		9C67EFA2194B33EC0019B03E /* Images.xcassets in Resources */ = {isa = PBXBuildFile; fileRef = 9C67EFA1194B33EC0019B03E /* Images.xcassets */; };
		9C67EFA9194B33EC0019B03E /* XCTest.framework in Frameworks */ = {isa = PBXBuildFile; fileRef = 9C67EFA8194B33EC0019B03E /* XCTest.framework */; };
		9C67EFAA194B33EC0019B03E /* Foundation.framework in Frameworks */ = {isa = PBXBuildFile; fileRef = 9C67EF8F194B33EC0019B03E /* Foundation.framework */; };
		9C67EFAB194B33EC0019B03E /* UIKit.framework in Frameworks */ = {isa = PBXBuildFile; fileRef = 9C67EF93194B33EC0019B03E /* UIKit.framework */; };
		9C67EFB3194B33EC0019B03E /* InfoPlist.strings in Resources */ = {isa = PBXBuildFile; fileRef = 9C67EFB1194B33EC0019B03E /* InfoPlist.strings */; };
		9C67EFB5194B33EC0019B03E /* testTests.m in Sources */ = {isa = PBXBuildFile; fileRef = 9C67EFB4194B33EC0019B03E /* testTests.m */; };
		9CA8D0A3194F3B7B00570899 /* test.m in Sources */ = {isa = PBXBuildFile; fileRef = 9CA8D0A2194F3B7B00570899 /* test.m */; };
/* End PBXBuildFile section */

/* Begin PBXContainerItemProxy section */
		9C67EFAC194B33EC0019B03E /* PBXContainerItemProxy */ = {
			isa = PBXContainerItemProxy;
			containerPortal = 9C67EF84194B33EC0019B03E /* Project object */;
			proxyType = 1;
			remoteGlobalIDString = 9C67EF8B194B33EC0019B03E;
			remoteInfo = test;
		};
/* End PBXContainerItemProxy section */

/* Begin PBXFileReference section */
		9C67EF8C194B33EC0019B03E /* test.app */ = {isa = PBXFileReference; explicitFileType = wrapper.application; includeInIndex = 0; path = test.app; sourceTree = BUILT_PRODUCTS_DIR; };
		9C67EF8F194B33EC0019B03E /* Foundation.framework */ = {isa = PBXFileReference; lastKnownFileType = wrapper.framework; name = Foundation.framework; path = System/Library/Frameworks/Foundation.framework; sourceTree = SDKROOT; };
		9C67EF91194B33EC0019B03E /* CoreGraphics.framework */ = {isa = PBXFileReference; lastKnownFileType = wrapper.framework; name = CoreGraphics.framework; path = System/Library/Frameworks/CoreGraphics.framework; sourceTree = SDKROOT; };
		9C67EF93194B33EC0019B03E /* UIKit.framework */ = {isa = PBXFileReference; lastKnownFileType = wrapper.framework; name = UIKit.framework; path = System/Library/Frameworks/UIKit.framework; sourceTree = SDKROOT; };
		9C67EF97194B33EC0019B03E /* test-Info.plist */ = {isa = PBXFileReference; lastKnownFileType = text.plist.xml; path = "test-Info.plist"; sourceTree = "<group>"; };
		9C67EF99194B33EC0019B03E /* en */ = {isa = PBXFileReference; lastKnownFileType = text.plist.strings; name = en; path = en.lproj/InfoPlist.strings; sourceTree = "<group>"; };
		9C67EF9B194B33EC0019B03E /* main.m */ = {isa = PBXFileReference; lastKnownFileType = sourcecode.c.objc; path = main.m; sourceTree = "<group>"; };
		9C67EF9D194B33EC0019B03E /* test-Prefix.pch */ = {isa = PBXFileReference; lastKnownFileType = sourcecode.c.h; path = "test-Prefix.pch"; sourceTree = "<group>"; };
		9C67EF9E194B33EC0019B03E /* testAppDelegate.h */ = {isa = PBXFileReference; lastKnownFileType = sourcecode.c.h; path = testAppDelegate.h; sourceTree = "<group>"; };
		9C67EF9F194B33EC0019B03E /* testAppDelegate.m */ = {isa = PBXFileReference; lastKnownFileType = sourcecode.c.objc; path = testAppDelegate.m; sourceTree = "<group>"; };
		9C67EFA1194B33EC0019B03E /* Images.xcassets */ = {isa = PBXFileReference; lastKnownFileType = folder.assetcatalog; path = Images.xcassets; sourceTree = "<group>"; };
		9C67EFA7194B33EC0019B03E /* testTests.xctest */ = {isa = PBXFileReference; explicitFileType = wrapper.cfbundle; includeInIndex = 0; path = testTests.xctest; sourceTree = BUILT_PRODUCTS_DIR; };
		9C67EFA8194B33EC0019B03E /* XCTest.framework */ = {isa = PBXFileReference; lastKnownFileType = wrapper.framework; name = XCTest.framework; path = Library/Frameworks/XCTest.framework; sourceTree = DEVELOPER_DIR; };
		9C67EFB0194B33EC0019B03E /* testTests-Info.plist */ = {isa = PBXFileReference; lastKnownFileType = text.plist.xml; path = "testTests-Info.plist"; sourceTree = "<group>"; };
		9C67EFB2194B33EC0019B03E /* en */ = {isa = PBXFileReference; lastKnownFileType = text.plist.strings; name = en; path = en.lproj/InfoPlist.strings; sourceTree = "<group>"; };
		9C67EFB4194B33EC0019B03E /* testTests.m */ = {isa = PBXFileReference; lastKnownFileType = sourcecode.c.objc; path = testTests.m; sourceTree = "<group>"; };
		9CA8D0A1194F3B7B00570899 /* test.h */ = {isa = PBXFileReference; fileEncoding = 4; lastKnownFileType = sourcecode.c.h; path = test.h; sourceTree = "<group>"; };
		9CA8D0A2194F3B7B00570899 /* test.m */ = {isa = PBXFileReference; fileEncoding = 4; lastKnownFileType = sourcecode.c.objc; path = test.m; sourceTree = "<group>"; };
/* End PBXFileReference section */

/* Begin PBXFrameworksBuildPhase section */
		9C67EF89194B33EC0019B03E /* Frameworks */ = {
			isa = PBXFrameworksBuildPhase;
			buildActionMask = 2147483647;
			files = (
				9C67EF92194B33EC0019B03E /* CoreGraphics.framework in Frameworks */,
				9C67EF94194B33EC0019B03E /* UIKit.framework in Frameworks */,
				9C67EF90194B33EC0019B03E /* Foundation.framework in Frameworks */,
			);
			runOnlyForDeploymentPostprocessing = 0;
		};
		9C67EFA4194B33EC0019B03E /* Frameworks */ = {
			isa = PBXFrameworksBuildPhase;
			buildActionMask = 2147483647;
			files = (
				9C67EFA9194B33EC0019B03E /* XCTest.framework in Frameworks */,
				9C67EFAB194B33EC0019B03E /* UIKit.framework in Frameworks */,
				9C67EFAA194B33EC0019B03E /* Foundation.framework in Frameworks */,
			);
			runOnlyForDeploymentPostprocessing = 0;
		};
/* End PBXFrameworksBuildPhase section */

/* Begin PBXGroup section */
		9C67EF83194B33EC0019B03E = {
			isa = PBXGroup;
			children = (
				9CA8D0A1194F3B7B00570899 /* test.h */,
				9CA8D0A2194F3B7B00570899 /* test.m */,
				9C67EF95194B33EC0019B03E /* test */,
				9C67EFAE194B33EC0019B03E /* testTests */,
				9C67EF8E194B33EC0019B03E /* Frameworks */,
				9C67EF8D194B33EC0019B03E /* Products */,
			);
			sourceTree = "<group>";
		};
		9C67EF8D194B33EC0019B03E /* Products */ = {
			isa = PBXGroup;
			children = (
				9C67EF8C194B33EC0019B03E /* test.app */,
				9C67EFA7194B33EC0019B03E /* testTests.xctest */,
			);
			name = Products;
			sourceTree = "<group>";
		};
		9C67EF8E194B33EC0019B03E /* Frameworks */ = {
			isa = PBXGroup;
			children = (
				9C67EF8F194B33EC0019B03E /* Foundation.framework */,
				9C67EF91194B33EC0019B03E /* CoreGraphics.framework */,
				9C67EF93194B33EC0019B03E /* UIKit.framework */,
				9C67EFA8194B33EC0019B03E /* XCTest.framework */,
			);
			name = Frameworks;
			sourceTree = "<group>";
		};
		9C67EF95194B33EC0019B03E /* test */ = {
			isa = PBXGroup;
			children = (
				9C67EF9E194B33EC0019B03E /* testAppDelegate.h */,
				9C67EF9F194B33EC0019B03E /* testAppDelegate.m */,
				9C67EFA1194B33EC0019B03E /* Images.xcassets */,
				9C67EF96194B33EC0019B03E /* Supporting Files */,
			);
			path = test;
			sourceTree = "<group>";
		};
		9C67EF96194B33EC0019B03E /* Supporting Files */ = {
			isa = PBXGroup;
			children = (
				9C67EF97194B33EC0019B03E /* test-Info.plist */,
				9C67EF98194B33EC0019B03E /* InfoPlist.strings */,
				9C67EF9B194B33EC0019B03E /* main.m */,
				9C67EF9D194B33EC0019B03E /* test-Prefix.pch */,
			);
			name = "Supporting Files";
			sourceTree = "<group>";
		};
		9C67EFAE194B33EC0019B03E /* testTests */ = {
			isa = PBXGroup;
			children = (
				9C67EFB4194B33EC0019B03E /* testTests.m */,
				9C67EFAF194B33EC0019B03E /* Supporting Files */,
			);
			path = testTests;
			sourceTree = "<group>";
		};
		9C67EFAF194B33EC0019B03E /* Supporting Files */ = {
			isa = PBXGroup;
			children = (
				9C67EFB0194B33EC0019B03E /* testTests-Info.plist */,
				9C67EFB1194B33EC0019B03E /* InfoPlist.strings */,
			);
			name = "Supporting Files";
			sourceTree = "<group>";
		};
/* End PBXGroup section */

/* Begin PBXNativeTarget section */
		9C67EF8B194B33EC0019B03E /* test */ = {
			isa = PBXNativeTarget;
			buildConfigurationList = 9C67EFB8194B33EC0019B03E /* Build configuration list for PBXNativeTarget "test" */;
			buildPhases = (
				9C67EF88194B33EC0019B03E /* Sources */,
				9C67EF89194B33EC0019B03E /* Frameworks */,
				9C67EF8A194B33EC0019B03E /* Resources */,
			);
			buildRules = (
			);
			dependencies = (
			);
			name = test;
			productName = test;
			productReference = 9C67EF8C194B33EC0019B03E /* test.app */;
			productType = "com.apple.product-type.application";
		};
		9C67EFA6194B33EC0019B03E /* testTests */ = {
			isa = PBXNativeTarget;
			buildConfigurationList = 9C67EFBB194B33EC0019B03E /* Build configuration list for PBXNativeTarget "testTests" */;
			buildPhases = (
				9C67EFA3194B33EC0019B03E /* Sources */,
				9C67EFA4194B33EC0019B03E /* Frameworks */,
				9C67EFA5194B33EC0019B03E /* Resources */,
			);
			buildRules = (
			);
			dependencies = (
				9C67EFAD194B33EC0019B03E /* PBXTargetDependency */,
			);
			name = testTests;
			productName = testTests;
			productReference = 9C67EFA7194B33EC0019B03E /* testTests.xctest */;
			productType = "com.apple.product-type.bundle.unit-test";
		};
/* End PBXNativeTarget section */

/* Begin PBXProject section */
		9C67EF84194B33EC0019B03E /* Project object */ = {
			isa = PBXProject;
			attributes = {
				CLASSPREFIX = test;
				LastUpgradeCheck = 0510;
				ORGANIZATIONNAME = T.J.;
				TargetAttributes = {
					9C67EFA6194B33EC0019B03E = {
						TestTargetID = 9C67EF8B194B33EC0019B03E;
					};
				};
			};
			buildConfigurationList = 9C67EF87194B33EC0019B03E /* Build configuration list for PBXProject "test" */;
			compatibilityVersion = "Xcode 3.2";
			developmentRegion = English;
			hasScannedForEncodings = 0;
			knownRegions = (
				en,
			);
			mainGroup = 9C67EF83194B33EC0019B03E;
			productRefGroup = 9C67EF8D194B33EC0019B03E /* Products */;
			projectDirPath = "";
			projectRoot = "";
			targets = (
				9C67EF8B194B33EC0019B03E /* test */,
				9C67EFA6194B33EC0019B03E /* testTests */,
			);
		};
/* End PBXProject section */

/* Begin PBXResourcesBuildPhase section */
		9C67EF8A194B33EC0019B03E /* Resources */ = {
			isa = PBXResourcesBuildPhase;
			buildActionMask = 2147483647;
			files = (
				9C67EF9A194B33EC0019B03E /* InfoPlist.strings in Resources */,
				9C67EFA2194B33EC0019B03E /* Images.xcassets in Resources */,
			);
			runOnlyForDeploymentPostprocessing = 0;
		};
		9C67EFA5194B33EC0019B03E /* Resources */ = {
			isa = PBXResourcesBuildPhase;
			buildActionMask = 2147483647;
			files = (
				9C67EFB3194B33EC0019B03E /* InfoPlist.strings in Resources */,
			);
			runOnlyForDeploymentPostprocessing = 0;
		};
/* End PBXResourcesBuildPhase section */

/* Begin PBXSourcesBuildPhase section */
		9C67EF88194B33EC0019B03E /* Sources */ = {
			isa = PBXSourcesBuildPhase;
			buildActionMask = 2147483647;
			files = (
				9C67EFA0194B33EC0019B03E /* testAppDelegate.m in Sources */,
				9C67EF9C194B33EC0019B03E /* main.m in Sources */,
				9CA8D0A3194F3B7B00570899 /* test.m in Sources */,
			);
			runOnlyForDeploymentPostprocessing = 0;
		};
		9C67EFA3194B33EC0019B03E /* Sources */ = {
			isa = PBXSourcesBuildPhase;
			buildActionMask = 2147483647;
			files = (
				9C67EFB5194B33EC0019B03E /* testTests.m in Sources */,
			);
			runOnlyForDeploymentPostprocessing = 0;
		};
/* End PBXSourcesBuildPhase section */

/* Begin PBXTargetDependency section */
		9C67EFAD194B33EC0019B03E /* PBXTargetDependency */ = {
			isa = PBXTargetDependency;
			target = 9C67EF8B194B33EC0019B03E /* test */;
			targetProxy = 9C67EFAC194B33EC0019B03E /* PBXContainerItemProxy */;
		};
/* End PBXTargetDependency section */

/* Begin PBXVariantGroup section */
		9C67EF98194B33EC0019B03E /* InfoPlist.strings */ = {
			isa = PBXVariantGroup;
			children = (
				9C67EF99194B33EC0019B03E /* en */,
			);
			name = InfoPlist.strings;
			sourceTree = "<group>";
		};
		9C67EFB1194B33EC0019B03E /* InfoPlist.strings */ = {
			isa = PBXVariantGroup;
			children = (
				9C67EFB2194B33EC0019B03E /* en */,
			);
			name = InfoPlist.strings;
			sourceTree = "<group>";
		};
/* End PBXVariantGroup section */

/* Begin XCBuildConfiguration section */
		9C67EFB6194B33EC0019B03E /* Debug */ = {
			isa = XCBuildConfiguration;
			buildSettings = {
				ALWAYS_SEARCH_USER_PATHS = NO;
				CLANG_CXX_LANGUAGE_STANDARD = "gnu++0x";
				CLANG_CXX_LIBRARY = "libc++";
				CLANG_ENABLE_MODULES = YES;
				CLANG_ENABLE_OBJC_ARC = YES;
				CLANG_WARN_BOOL_CONVERSION = YES;
				CLANG_WARN_CONSTANT_CONVERSION = YES;
				CLANG_WARN_DIRECT_OBJC_ISA_USAGE = YES_ERROR;
				CLANG_WARN_EMPTY_BODY = YES;
				CLANG_WARN_ENUM_CONVERSION = YES;
				CLANG_WARN_INT_CONVERSION = YES;
				CLANG_WARN_OBJC_ROOT_CLASS = YES_ERROR;
				CLANG_WARN__DUPLICATE_METHOD_MATCH = YES;
				"CODE_SIGN_IDENTITY[sdk=iphoneos*]" = "iPhone Developer";
				COPY_PHASE_STRIP = NO;
				GCC_C_LANGUAGE_STANDARD = gnu99;
				GCC_DYNAMIC_NO_PIC = NO;
				GCC_OPTIMIZATION_LEVEL = 0;
				GCC_PREPROCESSOR_DEFINITIONS = (
					"DEBUG=1",
					"$(inherited)",
				);
				GCC_SYMBOLS_PRIVATE_EXTERN = NO;
				GCC_WARN_64_TO_32_BIT_CONVERSION = YES;
				GCC_WARN_ABOUT_RETURN_TYPE = YES_ERROR;
				GCC_WARN_UNDECLARED_SELECTOR = YES;
				GCC_WARN_UNINITIALIZED_AUTOS = YES_AGGRESSIVE;
				GCC_WARN_UNUSED_FUNCTION = YES;
				GCC_WARN_UNUSED_VARIABLE = YES;
				IPHONEOS_DEPLOYMENT_TARGET = 7.1;
				ONLY_ACTIVE_ARCH = YES;
				SDKROOT = iphoneos;
			};
			name = Debug;
		};
		9C67EFB7194B33EC0019B03E /* Release */ = {
			isa = XCBuildConfiguration;
			buildSettings = {
				ALWAYS_SEARCH_USER_PATHS = NO;
				CLANG_CXX_LANGUAGE_STANDARD = "gnu++0x";
				CLANG_CXX_LIBRARY = "libc++";
				CLANG_ENABLE_MODULES = YES;
				CLANG_ENABLE_OBJC_ARC = YES;
				CLANG_WARN_BOOL_CONVERSION = YES;
				CLANG_WARN_CONSTANT_CONVERSION = YES;
				CLANG_WARN_DIRECT_OBJC_ISA_USAGE = YES_ERROR;
				CLANG_WARN_EMPTY_BODY = YES;
				CLANG_WARN_ENUM_CONVERSION = YES;
				CLANG_WARN_INT_CONVERSION = YES;
				CLANG_WARN_OBJC_ROOT_CLASS = YES_ERROR;
				CLANG_WARN__DUPLICATE_METHOD_MATCH = YES;
				"CODE_SIGN_IDENTITY[sdk=iphoneos*]" = "iPhone Developer";
				COPY_PHASE_STRIP = YES;
				ENABLE_NS_ASSERTIONS = NO;
				GCC_C_LANGUAGE_STANDARD = gnu99;
				GCC_WARN_64_TO_32_BIT_CONVERSION = YES;
				GCC_WARN_ABOUT_RETURN_TYPE = YES_ERROR;
				GCC_WARN_UNDECLARED_SELECTOR = YES;
				GCC_WARN_UNINITIALIZED_AUTOS = YES_AGGRESSIVE;
				GCC_WARN_UNUSED_FUNCTION = YES;
				GCC_WARN_UNUSED_VARIABLE = YES;
				IPHONEOS_DEPLOYMENT_TARGET = 7.1;
				SDKROOT = iphoneos;
				VALIDATE_PRODUCT = YES;
			};
			name = Release;
		};
		9C67EFB9194B33EC0019B03E /* Debug */ = {
			isa = XCBuildConfiguration;
			buildSettings = {
				ASSETCATALOG_COMPILER_APPICON_NAME = AppIcon;
				ASSETCATALOG_COMPILER_LAUNCHIMAGE_NAME = LaunchImage;
				GCC_PRECOMPILE_PREFIX_HEADER = YES;
				GCC_PREFIX_HEADER = "test/test-Prefix.pch";
				INFOPLIST_FILE = "test/test-Info.plist";
				PRODUCT_NAME = "$(TARGET_NAME)";
				WRAPPER_EXTENSION = app;
			};
			name = Debug;
		};
		9C67EFBA194B33EC0019B03E /* Release */ = {
			isa = XCBuildConfiguration;
			buildSettings = {
				ASSETCATALOG_COMPILER_APPICON_NAME = AppIcon;
				ASSETCATALOG_COMPILER_LAUNCHIMAGE_NAME = LaunchImage;
				GCC_PRECOMPILE_PREFIX_HEADER = YES;
				GCC_PREFIX_HEADER = "test/test-Prefix.pch";
				INFOPLIST_FILE = "test/test-Info.plist";
				PRODUCT_NAME = "$(TARGET_NAME)";
				WRAPPER_EXTENSION = app;
			};
			name = Release;
		};
		9C67EFBC194B33EC0019B03E /* Debug */ = {
			isa = XCBuildConfiguration;
			buildSettings = {
				BUNDLE_LOADER = "$(BUILT_PRODUCTS_DIR)/test.app/test";
				FRAMEWORK_SEARCH_PATHS = (
					"$(SDKROOT)/Developer/Library/Frameworks",
					"$(inherited)",
					"$(DEVELOPER_FRAMEWORKS_DIR)",
				);
				GCC_PRECOMPILE_PREFIX_HEADER = YES;
				GCC_PREFIX_HEADER = "test/test-Prefix.pch";
				GCC_PREPROCESSOR_DEFINITIONS = (
					"DEBUG=1",
					"$(inherited)",
				);
				INFOPLIST_FILE = "testTests/testTests-Info.plist";
				PRODUCT_NAME = "$(TARGET_NAME)";
				TEST_HOST = "$(BUNDLE_LOADER)";
				WRAPPER_EXTENSION = xctest;
			};
			name = Debug;
		};
		9C67EFBD194B33EC0019B03E /* Release */ = {
			isa = XCBuildConfiguration;
			buildSettings = {
				BUNDLE_LOADER = "$(BUILT_PRODUCTS_DIR)/test.app/test";
				FRAMEWORK_SEARCH_PATHS = (
					"$(SDKROOT)/Developer/Library/Frameworks",
					"$(inherited)",
					"$(DEVELOPER_FRAMEWORKS_DIR)",
				);
				GCC_PRECOMPILE_PREFIX_HEADER = YES;
				GCC_PREFIX_HEADER = "test/test-Prefix.pch";
				INFOPLIST_FILE = "testTests/testTests-Info.plist";
				PRODUCT_NAME = "$(TARGET_NAME)";
				TEST_HOST = "$(BUNDLE_LOADER)";
				WRAPPER_EXTENSION = xctest;
			};
			name = Release;
		};
/* End XCBuildConfiguration section */

/* Begin XCConfigurationList section */
		9C67EF87194B33EC0019B03E /* Build configuration list for PBXProject "test" */ = {
			isa = XCConfigurationList;
			buildConfigurations = (
				9C67EFB6194B33EC0019B03E /* Debug */,
				9C67EFB7194B33EC0019B03E /* Release */,
			);
			defaultConfigurationIsVisible = 0;
			defaultConfigurationName = Release;
		};
		9C67EFB8194B33EC0019B03E /* Build configuration list for PBXNativeTarget "test" */ = {
			isa = XCConfigurationList;
			buildConfigurations = (
				9C67EFB9194B33EC0019B03E /* Debug */,
				9C67EFBA194B33EC0019B03E /* Release */,
			);
			defaultConfigurationIsVisible = 0;
			defaultConfigurationName = Release;
		};
		9C67EFBB194B33EC0019B03E /* Build configuration list for PBXNativeTarget "testTests" */ = {
			isa = XCConfigurationList;
			buildConfigurations = (
				9C67EFBC194B33EC0019B03E /* Debug */,
				9C67EFBD194B33EC0019B03E /* Release */,
			);
			defaultConfigurationIsVisible = 0;
			defaultConfigurationName = Release;
		};
/* End XCConfigurationList section */
	};
	rootObject = 9C67EF84194B33EC0019B03E /* Project object */;
}
