// !$*UTF8*$!
{
	archiveVersion = 1;
	classes = {
	};
	objectVersion = 46;
	objects = {

/* Begin PBXBuildFile section */
		9C9615F51938BB6F00750183 /* Foundation.framework in Frameworks */ = {isa = PBXBuildFile; fileRef = 9C9615F41938BB6F00750183 /* Foundation.framework */; };
		9C9615F71938BB6F00750183 /* CoreGraphics.framework in Frameworks */ = {isa = PBXBuildFile; fileRef = 9C9615F61938BB6F00750183 /* CoreGraphics.framework */; };
		9C9615F91938BB6F00750183 /* UIKit.framework in Frameworks */ = {isa = PBXBuildFile; fileRef = 9C9615F81938BB6F00750183 /* UIKit.framework */; };
		9C9615FF1938BB6F00750183 /* InfoPlist.strings in Resources */ = {isa = PBXBuildFile; fileRef = 9C9615FD1938BB6F00750183 /* InfoPlist.strings */; };
		9C9616011938BB6F00750183 /* main.m in Sources */ = {isa = PBXBuildFile; fileRef = 9C9616001938BB6F00750183 /* main.m */; };
		9C9616051938BB6F00750183 /* GLAAppDelegate.m in Sources */ = {isa = PBXBuildFile; fileRef = 9C9616041938BB6F00750183 /* GLAAppDelegate.m */; };
		9C9616081938BB6F00750183 /* Main.storyboard in Resources */ = {isa = PBXBuildFile; fileRef = 9C9616061938BB6F00750183 /* Main.storyboard */; };
		9C96160B1938BB6F00750183 /* GLAViewController.m in Sources */ = {isa = PBXBuildFile; fileRef = 9C96160A1938BB6F00750183 /* GLAViewController.m */; };
		9C96160D1938BB7000750183 /* Images.xcassets in Resources */ = {isa = PBXBuildFile; fileRef = 9C96160C1938BB7000750183 /* Images.xcassets */; };
		9C9616141938BB7000750183 /* XCTest.framework in Frameworks */ = {isa = PBXBuildFile; fileRef = 9C9616131938BB7000750183 /* XCTest.framework */; };
		9C9616151938BB7000750183 /* Foundation.framework in Frameworks */ = {isa = PBXBuildFile; fileRef = 9C9615F41938BB6F00750183 /* Foundation.framework */; };
		9C9616161938BB7000750183 /* UIKit.framework in Frameworks */ = {isa = PBXBuildFile; fileRef = 9C9615F81938BB6F00750183 /* UIKit.framework */; };
		9C96161E1938BB7000750183 /* InfoPlist.strings in Resources */ = {isa = PBXBuildFile; fileRef = 9C96161C1938BB7000750183 /* InfoPlist.strings */; };
		9C9616201938BB7000750183 /* GridLayoutTests.m in Sources */ = {isa = PBXBuildFile; fileRef = 9C96161F1938BB7000750183 /* GridLayoutTests.m */; };
		9C96162B1938BC0E00750183 /* GLACollectionViewController.m in Sources */ = {isa = PBXBuildFile; fileRef = 9C96162A1938BC0E00750183 /* GLACollectionViewController.m */; };
/* End PBXBuildFile section */

/* Begin PBXContainerItemProxy section */
		9C9616171938BB7000750183 /* PBXContainerItemProxy */ = {
			isa = PBXContainerItemProxy;
			containerPortal = 9C9615E91938BB6F00750183 /* Project object */;
			proxyType = 1;
			remoteGlobalIDString = 9C9615F01938BB6F00750183;
			remoteInfo = GridLayout;
		};
/* End PBXContainerItemProxy section */

/* Begin PBXFileReference section */
		9C9615F11938BB6F00750183 /* GridLayout.app */ = {isa = PBXFileReference; explicitFileType = wrapper.application; includeInIndex = 0; path = GridLayout.app; sourceTree = BUILT_PRODUCTS_DIR; };
		9C9615F41938BB6F00750183 /* Foundation.framework */ = {isa = PBXFileReference; lastKnownFileType = wrapper.framework; name = Foundation.framework; path = System/Library/Frameworks/Foundation.framework; sourceTree = SDKROOT; };
		9C9615F61938BB6F00750183 /* CoreGraphics.framework */ = {isa = PBXFileReference; lastKnownFileType = wrapper.framework; name = CoreGraphics.framework; path = System/Library/Frameworks/CoreGraphics.framework; sourceTree = SDKROOT; };
		9C9615F81938BB6F00750183 /* UIKit.framework */ = {isa = PBXFileReference; lastKnownFileType = wrapper.framework; name = UIKit.framework; path = System/Library/Frameworks/UIKit.framework; sourceTree = SDKROOT; };
		9C9615FC1938BB6F00750183 /* GridLayout-Info.plist */ = {isa = PBXFileReference; lastKnownFileType = text.plist.xml; path = "GridLayout-Info.plist"; sourceTree = "<group>"; };
		9C9615FE1938BB6F00750183 /* en */ = {isa = PBXFileReference; lastKnownFileType = text.plist.strings; name = en; path = en.lproj/InfoPlist.strings; sourceTree = "<group>"; };
		9C9616001938BB6F00750183 /* main.m */ = {isa = PBXFileReference; lastKnownFileType = sourcecode.c.objc; path = main.m; sourceTree = "<group>"; };
		9C9616021938BB6F00750183 /* GridLayout-Prefix.pch */ = {isa = PBXFileReference; lastKnownFileType = sourcecode.c.h; path = "GridLayout-Prefix.pch"; sourceTree = "<group>"; };
		9C9616031938BB6F00750183 /* GLAAppDelegate.h */ = {isa = PBXFileReference; lastKnownFileType = sourcecode.c.h; path = GLAAppDelegate.h; sourceTree = "<group>"; };
		9C9616041938BB6F00750183 /* GLAAppDelegate.m */ = {isa = PBXFileReference; lastKnownFileType = sourcecode.c.objc; path = GLAAppDelegate.m; sourceTree = "<group>"; };
		9C9616071938BB6F00750183 /* Base */ = {isa = PBXFileReference; lastKnownFileType = file.storyboard; name = Base; path = Base.lproj/Main.storyboard; sourceTree = "<group>"; };
		9C9616091938BB6F00750183 /* GLAViewController.h */ = {isa = PBXFileReference; lastKnownFileType = sourcecode.c.h; path = GLAViewController.h; sourceTree = "<group>"; };
		9C96160A1938BB6F00750183 /* GLAViewController.m */ = {isa = PBXFileReference; lastKnownFileType = sourcecode.c.objc; path = GLAViewController.m; sourceTree = "<group>"; };
		9C96160C1938BB7000750183 /* Images.xcassets */ = {isa = PBXFileReference; lastKnownFileType = folder.assetcatalog; path = Images.xcassets; sourceTree = "<group>"; };
		9C9616121938BB7000750183 /* GridLayoutTests.xctest */ = {isa = PBXFileReference; explicitFileType = wrapper.cfbundle; includeInIndex = 0; path = GridLayoutTests.xctest; sourceTree = BUILT_PRODUCTS_DIR; };
		9C9616131938BB7000750183 /* XCTest.framework */ = {isa = PBXFileReference; lastKnownFileType = wrapper.framework; name = XCTest.framework; path = Library/Frameworks/XCTest.framework; sourceTree = DEVELOPER_DIR; };
		9C96161B1938BB7000750183 /* GridLayoutTests-Info.plist */ = {isa = PBXFileReference; lastKnownFileType = text.plist.xml; path = "GridLayoutTests-Info.plist"; sourceTree = "<group>"; };
		9C96161D1938BB7000750183 /* en */ = {isa = PBXFileReference; lastKnownFileType = text.plist.strings; name = en; path = en.lproj/InfoPlist.strings; sourceTree = "<group>"; };
		9C96161F1938BB7000750183 /* GridLayoutTests.m */ = {isa = PBXFileReference; lastKnownFileType = sourcecode.c.objc; path = GridLayoutTests.m; sourceTree = "<group>"; };
		9C9616291938BC0E00750183 /* GLACollectionViewController.h */ = {isa = PBXFileReference; fileEncoding = 4; lastKnownFileType = sourcecode.c.h; name = GLACollectionViewController.h; path = GridLayout/GLACollectionViewController.h; sourceTree = "<group>"; };
		9C96162A1938BC0E00750183 /* GLACollectionViewController.m */ = {isa = PBXFileReference; fileEncoding = 4; lastKnownFileType = sourcecode.c.objc; name = GLACollectionViewController.m; path = GridLayout/GLACollectionViewController.m; sourceTree = "<group>"; };
/* End PBXFileReference section */

/* Begin PBXFrameworksBuildPhase section */
		9C9615EE1938BB6F00750183 /* Frameworks */ = {
			isa = PBXFrameworksBuildPhase;
			buildActionMask = 2147483647;
			files = (
				9C9615F71938BB6F00750183 /* CoreGraphics.framework in Frameworks */,
				9C9615F91938BB6F00750183 /* UIKit.framework in Frameworks */,
				9C9615F51938BB6F00750183 /* Foundation.framework in Frameworks */,
			);
			runOnlyForDeploymentPostprocessing = 0;
		};
		9C96160F1938BB7000750183 /* Frameworks */ = {
			isa = PBXFrameworksBuildPhase;
			buildActionMask = 2147483647;
			files = (
				9C9616141938BB7000750183 /* XCTest.framework in Frameworks */,
				9C9616161938BB7000750183 /* UIKit.framework in Frameworks */,
				9C9616151938BB7000750183 /* Foundation.framework in Frameworks */,
			);
			runOnlyForDeploymentPostprocessing = 0;
		};
/* End PBXFrameworksBuildPhase section */

/* Begin PBXGroup section */
		9C9615E81938BB6F00750183 = {
			isa = PBXGroup;
			children = (
				9C9616291938BC0E00750183 /* GLACollectionViewController.h */,
				9C96162A1938BC0E00750183 /* GLACollectionViewController.m */,
				9C9615FA1938BB6F00750183 /* GridLayout */,
				9C9616191938BB7000750183 /* GridLayoutTests */,
				9C9615F31938BB6F00750183 /* Frameworks */,
				9C9615F21938BB6F00750183 /* Products */,
			);
			sourceTree = "<group>";
		};
		9C9615F21938BB6F00750183 /* Products */ = {
			isa = PBXGroup;
			children = (
				9C9615F11938BB6F00750183 /* GridLayout.app */,
				9C9616121938BB7000750183 /* GridLayoutTests.xctest */,
			);
			name = Products;
			sourceTree = "<group>";
		};
		9C9615F31938BB6F00750183 /* Frameworks */ = {
			isa = PBXGroup;
			children = (
				9C9615F41938BB6F00750183 /* Foundation.framework */,
				9C9615F61938BB6F00750183 /* CoreGraphics.framework */,
				9C9615F81938BB6F00750183 /* UIKit.framework */,
				9C9616131938BB7000750183 /* XCTest.framework */,
			);
			name = Frameworks;
			sourceTree = "<group>";
		};
		9C9615FA1938BB6F00750183 /* GridLayout */ = {
			isa = PBXGroup;
			children = (
				9C9616031938BB6F00750183 /* GLAAppDelegate.h */,
				9C9616041938BB6F00750183 /* GLAAppDelegate.m */,
				9C9616061938BB6F00750183 /* Main.storyboard */,
				9C9616091938BB6F00750183 /* GLAViewController.h */,
				9C96160A1938BB6F00750183 /* GLAViewController.m */,
				9C96160C1938BB7000750183 /* Images.xcassets */,
				9C9615FB1938BB6F00750183 /* Supporting Files */,
			);
			path = GridLayout;
			sourceTree = "<group>";
		};
		9C9615FB1938BB6F00750183 /* Supporting Files */ = {
			isa = PBXGroup;
			children = (
				9C9615FC1938BB6F00750183 /* GridLayout-Info.plist */,
				9C9615FD1938BB6F00750183 /* InfoPlist.strings */,
				9C9616001938BB6F00750183 /* main.m */,
				9C9616021938BB6F00750183 /* GridLayout-Prefix.pch */,
			);
			name = "Supporting Files";
			sourceTree = "<group>";
		};
		9C9616191938BB7000750183 /* GridLayoutTests */ = {
			isa = PBXGroup;
			children = (
				9C96161F1938BB7000750183 /* GridLayoutTests.m */,
				9C96161A1938BB7000750183 /* Supporting Files */,
			);
			path = GridLayoutTests;
			sourceTree = "<group>";
		};
		9C96161A1938BB7000750183 /* Supporting Files */ = {
			isa = PBXGroup;
			children = (
				9C96161B1938BB7000750183 /* GridLayoutTests-Info.plist */,
				9C96161C1938BB7000750183 /* InfoPlist.strings */,
			);
			name = "Supporting Files";
			sourceTree = "<group>";
		};
/* End PBXGroup section */

/* Begin PBXNativeTarget section */
		9C9615F01938BB6F00750183 /* GridLayout */ = {
			isa = PBXNativeTarget;
			buildConfigurationList = 9C9616231938BB7000750183 /* Build configuration list for PBXNativeTarget "GridLayout" */;
			buildPhases = (
				9C9615ED1938BB6F00750183 /* Sources */,
				9C9615EE1938BB6F00750183 /* Frameworks */,
				9C9615EF1938BB6F00750183 /* Resources */,
			);
			buildRules = (
			);
			dependencies = (
			);
			name = GridLayout;
			productName = GridLayout;
			productReference = 9C9615F11938BB6F00750183 /* GridLayout.app */;
			productType = "com.apple.product-type.application";
		};
		9C9616111938BB7000750183 /* GridLayoutTests */ = {
			isa = PBXNativeTarget;
			buildConfigurationList = 9C9616261938BB7000750183 /* Build configuration list for PBXNativeTarget "GridLayoutTests" */;
			buildPhases = (
				9C96160E1938BB7000750183 /* Sources */,
				9C96160F1938BB7000750183 /* Frameworks */,
				9C9616101938BB7000750183 /* Resources */,
			);
			buildRules = (
			);
			dependencies = (
				9C9616181938BB7000750183 /* PBXTargetDependency */,
			);
			name = GridLayoutTests;
			productName = GridLayoutTests;
			productReference = 9C9616121938BB7000750183 /* GridLayoutTests.xctest */;
			productType = "com.apple.product-type.bundle.unit-test";
		};
/* End PBXNativeTarget section */

/* Begin PBXProject section */
		9C9615E91938BB6F00750183 /* Project object */ = {
			isa = PBXProject;
			attributes = {
				CLASSPREFIX = GLA;
				LastUpgradeCheck = 0510;
				ORGANIZATIONNAME = T.J.;
				TargetAttributes = {
					9C9616111938BB7000750183 = {
						TestTargetID = 9C9615F01938BB6F00750183;
					};
				};
			};
			buildConfigurationList = 9C9615EC1938BB6F00750183 /* Build configuration list for PBXProject "GridLayout" */;
			compatibilityVersion = "Xcode 3.2";
			developmentRegion = English;
			hasScannedForEncodings = 0;
			knownRegions = (
				en,
				Base,
			);
			mainGroup = 9C9615E81938BB6F00750183;
			productRefGroup = 9C9615F21938BB6F00750183 /* Products */;
			projectDirPath = "";
			projectRoot = "";
			targets = (
				9C9615F01938BB6F00750183 /* GridLayout */,
				9C9616111938BB7000750183 /* GridLayoutTests */,
			);
		};
/* End PBXProject section */

/* Begin PBXResourcesBuildPhase section */
		9C9615EF1938BB6F00750183 /* Resources */ = {
			isa = PBXResourcesBuildPhase;
			buildActionMask = 2147483647;
			files = (
				9C96160D1938BB7000750183 /* Images.xcassets in Resources */,
				9C9615FF1938BB6F00750183 /* InfoPlist.strings in Resources */,
				9C9616081938BB6F00750183 /* Main.storyboard in Resources */,
			);
			runOnlyForDeploymentPostprocessing = 0;
		};
		9C9616101938BB7000750183 /* Resources */ = {
			isa = PBXResourcesBuildPhase;
			buildActionMask = 2147483647;
			files = (
				9C96161E1938BB7000750183 /* InfoPlist.strings in Resources */,
			);
			runOnlyForDeploymentPostprocessing = 0;
		};
/* End PBXResourcesBuildPhase section */

/* Begin PBXSourcesBuildPhase section */
		9C9615ED1938BB6F00750183 /* Sources */ = {
			isa = PBXSourcesBuildPhase;
			buildActionMask = 2147483647;
			files = (
				9C9616011938BB6F00750183 /* main.m in Sources */,
				9C9616051938BB6F00750183 /* GLAAppDelegate.m in Sources */,
				9C96160B1938BB6F00750183 /* GLAViewController.m in Sources */,
				9C96162B1938BC0E00750183 /* GLACollectionViewController.m in Sources */,
			);
			runOnlyForDeploymentPostprocessing = 0;
		};
		9C96160E1938BB7000750183 /* Sources */ = {
			isa = PBXSourcesBuildPhase;
			buildActionMask = 2147483647;
			files = (
				9C9616201938BB7000750183 /* GridLayoutTests.m in Sources */,
			);
			runOnlyForDeploymentPostprocessing = 0;
		};
/* End PBXSourcesBuildPhase section */

/* Begin PBXTargetDependency section */
		9C9616181938BB7000750183 /* PBXTargetDependency */ = {
			isa = PBXTargetDependency;
			target = 9C9615F01938BB6F00750183 /* GridLayout */;
			targetProxy = 9C9616171938BB7000750183 /* PBXContainerItemProxy */;
		};
/* End PBXTargetDependency section */

/* Begin PBXVariantGroup section */
		9C9615FD1938BB6F00750183 /* InfoPlist.strings */ = {
			isa = PBXVariantGroup;
			children = (
				9C9615FE1938BB6F00750183 /* en */,
			);
			name = InfoPlist.strings;
			sourceTree = "<group>";
		};
		9C9616061938BB6F00750183 /* Main.storyboard */ = {
			isa = PBXVariantGroup;
			children = (
				9C9616071938BB6F00750183 /* Base */,
			);
			name = Main.storyboard;
			sourceTree = "<group>";
		};
		9C96161C1938BB7000750183 /* InfoPlist.strings */ = {
			isa = PBXVariantGroup;
			children = (
				9C96161D1938BB7000750183 /* en */,
			);
			name = InfoPlist.strings;
			sourceTree = "<group>";
		};
/* End PBXVariantGroup section */

/* Begin XCBuildConfiguration section */
		9C9616211938BB7000750183 /* Debug */ = {
			isa = XCBuildConfiguration;
			buildSettings = {
				ALWAYS_SEARCH_USER_PATHS = NO;
				CLANG_CXX_LANGUAGE_STANDARD = "gnu++0x";
				CLANG_CXX_LIBRARY = "libc++";
				CLANG_ENABLE_MODULES = YES;
				CLANG_ENABLE_OBJC_ARC = YES;
				CLANG_WARN_BOOL_CONVERSION = YES;
				CLANG_WARN_CONSTANT_CONVERSION = YES;
				CLANG_WARN_DIRECT_OBJC_ISA_USAGE = YES_ERROR;
				CLANG_WARN_EMPTY_BODY = YES;
				CLANG_WARN_ENUM_CONVERSION = YES;
				CLANG_WARN_INT_CONVERSION = YES;
				CLANG_WARN_OBJC_ROOT_CLASS = YES_ERROR;
				CLANG_WARN__DUPLICATE_METHOD_MATCH = YES;
				"CODE_SIGN_IDENTITY[sdk=iphoneos*]" = "iPhone Developer";
				COPY_PHASE_STRIP = NO;
				GCC_C_LANGUAGE_STANDARD = gnu99;
				GCC_DYNAMIC_NO_PIC = NO;
				GCC_OPTIMIZATION_LEVEL = 0;
				GCC_PREPROCESSOR_DEFINITIONS = (
					"DEBUG=1",
					"$(inherited)",
				);
				GCC_SYMBOLS_PRIVATE_EXTERN = NO;
				GCC_WARN_64_TO_32_BIT_CONVERSION = YES;
				GCC_WARN_ABOUT_RETURN_TYPE = YES_ERROR;
				GCC_WARN_UNDECLARED_SELECTOR = YES;
				GCC_WARN_UNINITIALIZED_AUTOS = YES_AGGRESSIVE;
				GCC_WARN_UNUSED_FUNCTION = YES;
				GCC_WARN_UNUSED_VARIABLE = YES;
				IPHONEOS_DEPLOYMENT_TARGET = 7.1;
				ONLY_ACTIVE_ARCH = YES;
				SDKROOT = iphoneos;
			};
			name = Debug;
		};
		9C9616221938BB7000750183 /* Release */ = {
			isa = XCBuildConfiguration;
			buildSettings = {
				ALWAYS_SEARCH_USER_PATHS = NO;
				CLANG_CXX_LANGUAGE_STANDARD = "gnu++0x";
				CLANG_CXX_LIBRARY = "libc++";
				CLANG_ENABLE_MODULES = YES;
				CLANG_ENABLE_OBJC_ARC = YES;
				CLANG_WARN_BOOL_CONVERSION = YES;
				CLANG_WARN_CONSTANT_CONVERSION = YES;
				CLANG_WARN_DIRECT_OBJC_ISA_USAGE = YES_ERROR;
				CLANG_WARN_EMPTY_BODY = YES;
				CLANG_WARN_ENUM_CONVERSION = YES;
				CLANG_WARN_INT_CONVERSION = YES;
				CLANG_WARN_OBJC_ROOT_CLASS = YES_ERROR;
				CLANG_WARN__DUPLICATE_METHOD_MATCH = YES;
				"CODE_SIGN_IDENTITY[sdk=iphoneos*]" = "iPhone Developer";
				COPY_PHASE_STRIP = YES;
				ENABLE_NS_ASSERTIONS = NO;
				GCC_C_LANGUAGE_STANDARD = gnu99;
				GCC_WARN_64_TO_32_BIT_CONVERSION = YES;
				GCC_WARN_ABOUT_RETURN_TYPE = YES_ERROR;
				GCC_WARN_UNDECLARED_SELECTOR = YES;
				GCC_WARN_UNINITIALIZED_AUTOS = YES_AGGRESSIVE;
				GCC_WARN_UNUSED_FUNCTION = YES;
				GCC_WARN_UNUSED_VARIABLE = YES;
				IPHONEOS_DEPLOYMENT_TARGET = 7.1;
				SDKROOT = iphoneos;
				VALIDATE_PRODUCT = YES;
			};
			name = Release;
		};
		9C9616241938BB7000750183 /* Debug */ = {
			isa = XCBuildConfiguration;
			buildSettings = {
				ASSETCATALOG_COMPILER_APPICON_NAME = AppIcon;
				ASSETCATALOG_COMPILER_LAUNCHIMAGE_NAME = LaunchImage;
				GCC_PRECOMPILE_PREFIX_HEADER = YES;
				GCC_PREFIX_HEADER = "GridLayout/GridLayout-Prefix.pch";
				INFOPLIST_FILE = "GridLayout/GridLayout-Info.plist";
				PRODUCT_NAME = "$(TARGET_NAME)";
				WRAPPER_EXTENSION = app;
			};
			name = Debug;
		};
		9C9616251938BB7000750183 /* Release */ = {
			isa = XCBuildConfiguration;
			buildSettings = {
				ASSETCATALOG_COMPILER_APPICON_NAME = AppIcon;
				ASSETCATALOG_COMPILER_LAUNCHIMAGE_NAME = LaunchImage;
				GCC_PRECOMPILE_PREFIX_HEADER = YES;
				GCC_PREFIX_HEADER = "GridLayout/GridLayout-Prefix.pch";
				INFOPLIST_FILE = "GridLayout/GridLayout-Info.plist";
				PRODUCT_NAME = "$(TARGET_NAME)";
				WRAPPER_EXTENSION = app;
			};
			name = Release;
		};
		9C9616271938BB7000750183 /* Debug */ = {
			isa = XCBuildConfiguration;
			buildSettings = {
				BUNDLE_LOADER = "$(BUILT_PRODUCTS_DIR)/GridLayout.app/GridLayout";
				FRAMEWORK_SEARCH_PATHS = (
					"$(SDKROOT)/Developer/Library/Frameworks",
					"$(inherited)",
					"$(DEVELOPER_FRAMEWORKS_DIR)",
				);
				GCC_PRECOMPILE_PREFIX_HEADER = YES;
				GCC_PREFIX_HEADER = "GridLayout/GridLayout-Prefix.pch";
				GCC_PREPROCESSOR_DEFINITIONS = (
					"DEBUG=1",
					"$(inherited)",
				);
				INFOPLIST_FILE = "GridLayoutTests/GridLayoutTests-Info.plist";
				PRODUCT_NAME = "$(TARGET_NAME)";
				TEST_HOST = "$(BUNDLE_LOADER)";
				WRAPPER_EXTENSION = xctest;
			};
			name = Debug;
		};
		9C9616281938BB7000750183 /* Release */ = {
			isa = XCBuildConfiguration;
			buildSettings = {
				BUNDLE_LOADER = "$(BUILT_PRODUCTS_DIR)/GridLayout.app/GridLayout";
				FRAMEWORK_SEARCH_PATHS = (
					"$(SDKROOT)/Developer/Library/Frameworks",
					"$(inherited)",
					"$(DEVELOPER_FRAMEWORKS_DIR)",
				);
				GCC_PRECOMPILE_PREFIX_HEADER = YES;
				GCC_PREFIX_HEADER = "GridLayout/GridLayout-Prefix.pch";
				INFOPLIST_FILE = "GridLayoutTests/GridLayoutTests-Info.plist";
				PRODUCT_NAME = "$(TARGET_NAME)";
				TEST_HOST = "$(BUNDLE_LOADER)";
				WRAPPER_EXTENSION = xctest;
			};
			name = Release;
		};
/* End XCBuildConfiguration section */

/* Begin XCConfigurationList section */
		9C9615EC1938BB6F00750183 /* Build configuration list for PBXProject "GridLayout" */ = {
			isa = XCConfigurationList;
			buildConfigurations = (
				9C9616211938BB7000750183 /* Debug */,
				9C9616221938BB7000750183 /* Release */,
			);
			defaultConfigurationIsVisible = 0;
			defaultConfigurationName = Release;
		};
		9C9616231938BB7000750183 /* Build configuration list for PBXNativeTarget "GridLayout" */ = {
			isa = XCConfigurationList;
			buildConfigurations = (
				9C9616241938BB7000750183 /* Debug */,
				9C9616251938BB7000750183 /* Release */,
			);
			defaultConfigurationIsVisible = 0;
		};
		9C9616261938BB7000750183 /* Build configuration list for PBXNativeTarget "GridLayoutTests" */ = {
			isa = XCConfigurationList;
			buildConfigurations = (
				9C9616271938BB7000750183 /* Debug */,
				9C9616281938BB7000750183 /* Release */,
			);
			defaultConfigurationIsVisible = 0;
		};
/* End XCConfigurationList section */
	};
	rootObject = 9C9615E91938BB6F00750183 /* Project object */;
}
