// !$*UTF8*$!
{
	archiveVersion = 1;
	classes = {
	};
	objectVersion = 46;
	objects = {

/* Begin PBXBuildFile section */
		9C723B881923BE5300B151FB /* Foundation.framework in Frameworks */ = {isa = PBXBuildFile; fileRef = 9C723B871923BE5300B151FB /* Foundation.framework */; };
		9C723B8A1923BE5300B151FB /* CoreGraphics.framework in Frameworks */ = {isa = PBXBuildFile; fileRef = 9C723B891923BE5300B151FB /* CoreGraphics.framework */; };
		9C723B8C1923BE5300B151FB /* UIKit.framework in Frameworks */ = {isa = PBXBuildFile; fileRef = 9C723B8B1923BE5300B151FB /* UIKit.framework */; };
		9C723B8E1923BE5300B151FB /* CoreData.framework in Frameworks */ = {isa = PBXBuildFile; fileRef = 9C723B8D1923BE5300B151FB /* CoreData.framework */; };
		9C723B941923BE5300B151FB /* InfoPlist.strings in Resources */ = {isa = PBXBuildFile; fileRef = 9C723B921923BE5300B151FB /* InfoPlist.strings */; };
		9C723B961923BE5300B151FB /* main.m in Sources */ = {isa = PBXBuildFile; fileRef = 9C723B951923BE5300B151FB /* main.m */; };
		9C723B9A1923BE5300B151FB /* DPAAppDelegate.m in Sources */ = {isa = PBXBuildFile; fileRef = 9C723B991923BE5300B151FB /* DPAAppDelegate.m */; };
		9C723B9D1923BE5300B151FB /* DigitalPond.xcdatamodeld in Sources */ = {isa = PBXBuildFile; fileRef = 9C723B9B1923BE5300B151FB /* DigitalPond.xcdatamodeld */; };
		9C723B9F1923BE5300B151FB /* Images.xcassets in Resources */ = {isa = PBXBuildFile; fileRef = 9C723B9E1923BE5300B151FB /* Images.xcassets */; };
		9C723BA61923BE5300B151FB /* XCTest.framework in Frameworks */ = {isa = PBXBuildFile; fileRef = 9C723BA51923BE5300B151FB /* XCTest.framework */; };
		9C723BA71923BE5300B151FB /* Foundation.framework in Frameworks */ = {isa = PBXBuildFile; fileRef = 9C723B871923BE5300B151FB /* Foundation.framework */; };
		9C723BA81923BE5300B151FB /* UIKit.framework in Frameworks */ = {isa = PBXBuildFile; fileRef = 9C723B8B1923BE5300B151FB /* UIKit.framework */; };
		9C723BA91923BE5300B151FB /* CoreData.framework in Frameworks */ = {isa = PBXBuildFile; fileRef = 9C723B8D1923BE5300B151FB /* CoreData.framework */; };
		9C723BB11923BE5300B151FB /* InfoPlist.strings in Resources */ = {isa = PBXBuildFile; fileRef = 9C723BAF1923BE5300B151FB /* InfoPlist.strings */; };
		9C723BB31923BE5300B151FB /* DigitalPondTests.m in Sources */ = {isa = PBXBuildFile; fileRef = 9C723BB21923BE5300B151FB /* DigitalPondTests.m */; };
		9C723BBF1923C1EB00B151FB /* DPAPondViewController.m in Sources */ = {isa = PBXBuildFile; fileRef = 9C723BBD1923C1EB00B151FB /* DPAPondViewController.m */; };
		9C723BC01923C1EB00B151FB /* DPAPondViewController.xib in Resources */ = {isa = PBXBuildFile; fileRef = 9C723BBE1923C1EB00B151FB /* DPAPondViewController.xib */; };
		9C723BC21923C3C900B151FB /* DPALava.xib in Resources */ = {isa = PBXBuildFile; fileRef = 9C723BC11923C3C900B151FB /* DPALava.xib */; };
		9C723BC51923C6F300B151FB /* DPARipple.m in Sources */ = {isa = PBXBuildFile; fileRef = 9C723BC41923C6F300B151FB /* DPARipple.m */; };
/* End PBXBuildFile section */

/* Begin PBXContainerItemProxy section */
		9C723BAA1923BE5300B151FB /* PBXContainerItemProxy */ = {
			isa = PBXContainerItemProxy;
			containerPortal = 9C723B7C1923BE5300B151FB /* Project object */;
			proxyType = 1;
			remoteGlobalIDString = 9C723B831923BE5300B151FB;
			remoteInfo = DigitalPond;
		};
/* End PBXContainerItemProxy section */

/* Begin PBXFileReference section */
		9C723B841923BE5300B151FB /* DigitalPond.app */ = {isa = PBXFileReference; explicitFileType = wrapper.application; includeInIndex = 0; path = DigitalPond.app; sourceTree = BUILT_PRODUCTS_DIR; };
		9C723B871923BE5300B151FB /* Foundation.framework */ = {isa = PBXFileReference; lastKnownFileType = wrapper.framework; name = Foundation.framework; path = System/Library/Frameworks/Foundation.framework; sourceTree = SDKROOT; };
		9C723B891923BE5300B151FB /* CoreGraphics.framework */ = {isa = PBXFileReference; lastKnownFileType = wrapper.framework; name = CoreGraphics.framework; path = System/Library/Frameworks/CoreGraphics.framework; sourceTree = SDKROOT; };
		9C723B8B1923BE5300B151FB /* UIKit.framework */ = {isa = PBXFileReference; lastKnownFileType = wrapper.framework; name = UIKit.framework; path = System/Library/Frameworks/UIKit.framework; sourceTree = SDKROOT; };
		9C723B8D1923BE5300B151FB /* CoreData.framework */ = {isa = PBXFileReference; lastKnownFileType = wrapper.framework; name = CoreData.framework; path = System/Library/Frameworks/CoreData.framework; sourceTree = SDKROOT; };
		9C723B911923BE5300B151FB /* DigitalPond-Info.plist */ = {isa = PBXFileReference; lastKnownFileType = text.plist.xml; path = "DigitalPond-Info.plist"; sourceTree = "<group>"; };
		9C723B931923BE5300B151FB /* en */ = {isa = PBXFileReference; lastKnownFileType = text.plist.strings; name = en; path = en.lproj/InfoPlist.strings; sourceTree = "<group>"; };
		9C723B951923BE5300B151FB /* main.m */ = {isa = PBXFileReference; lastKnownFileType = sourcecode.c.objc; path = main.m; sourceTree = "<group>"; };
		9C723B971923BE5300B151FB /* DigitalPond-Prefix.pch */ = {isa = PBXFileReference; lastKnownFileType = sourcecode.c.h; path = "DigitalPond-Prefix.pch"; sourceTree = "<group>"; };
		9C723B981923BE5300B151FB /* DPAAppDelegate.h */ = {isa = PBXFileReference; lastKnownFileType = sourcecode.c.h; path = DPAAppDelegate.h; sourceTree = "<group>"; };
		9C723B991923BE5300B151FB /* DPAAppDelegate.m */ = {isa = PBXFileReference; lastKnownFileType = sourcecode.c.objc; path = DPAAppDelegate.m; sourceTree = "<group>"; };
		9C723B9C1923BE5300B151FB /* DigitalPond.xcdatamodel */ = {isa = PBXFileReference; lastKnownFileType = wrapper.xcdatamodel; path = DigitalPond.xcdatamodel; sourceTree = "<group>"; };
		9C723B9E1923BE5300B151FB /* Images.xcassets */ = {isa = PBXFileReference; lastKnownFileType = folder.assetcatalog; path = Images.xcassets; sourceTree = "<group>"; };
		9C723BA41923BE5300B151FB /* DigitalPondTests.xctest */ = {isa = PBXFileReference; explicitFileType = wrapper.cfbundle; includeInIndex = 0; path = DigitalPondTests.xctest; sourceTree = BUILT_PRODUCTS_DIR; };
		9C723BA51923BE5300B151FB /* XCTest.framework */ = {isa = PBXFileReference; lastKnownFileType = wrapper.framework; name = XCTest.framework; path = Library/Frameworks/XCTest.framework; sourceTree = DEVELOPER_DIR; };
		9C723BAE1923BE5300B151FB /* DigitalPondTests-Info.plist */ = {isa = PBXFileReference; lastKnownFileType = text.plist.xml; path = "DigitalPondTests-Info.plist"; sourceTree = "<group>"; };
		9C723BB01923BE5300B151FB /* en */ = {isa = PBXFileReference; lastKnownFileType = text.plist.strings; name = en; path = en.lproj/InfoPlist.strings; sourceTree = "<group>"; };
		9C723BB21923BE5300B151FB /* DigitalPondTests.m */ = {isa = PBXFileReference; lastKnownFileType = sourcecode.c.objc; path = DigitalPondTests.m; sourceTree = "<group>"; };
		9C723BBC1923C1EB00B151FB /* DPAPondViewController.h */ = {isa = PBXFileReference; fileEncoding = 4; lastKnownFileType = sourcecode.c.h; path = DPAPondViewController.h; sourceTree = "<group>"; };
		9C723BBD1923C1EB00B151FB /* DPAPondViewController.m */ = {isa = PBXFileReference; fileEncoding = 4; lastKnownFileType = sourcecode.c.objc; path = DPAPondViewController.m; sourceTree = "<group>"; };
		9C723BBE1923C1EB00B151FB /* DPAPondViewController.xib */ = {isa = PBXFileReference; fileEncoding = 4; lastKnownFileType = file.xib; path = DPAPondViewController.xib; sourceTree = "<group>"; };
		9C723BC11923C3C900B151FB /* DPALava.xib */ = {isa = PBXFileReference; fileEncoding = 4; lastKnownFileType = file.xib; path = DPALava.xib; sourceTree = "<group>"; };
		9C723BC31923C6F300B151FB /* DPARipple.h */ = {isa = PBXFileReference; fileEncoding = 4; lastKnownFileType = sourcecode.c.h; path = DPARipple.h; sourceTree = "<group>"; };
		9C723BC41923C6F300B151FB /* DPARipple.m */ = {isa = PBXFileReference; fileEncoding = 4; lastKnownFileType = sourcecode.c.objc; path = DPARipple.m; sourceTree = "<group>"; };
/* End PBXFileReference section */

/* Begin PBXFrameworksBuildPhase section */
		9C723B811923BE5300B151FB /* Frameworks */ = {
			isa = PBXFrameworksBuildPhase;
			buildActionMask = 2147483647;
			files = (
				9C723B8A1923BE5300B151FB /* CoreGraphics.framework in Frameworks */,
				9C723B8E1923BE5300B151FB /* CoreData.framework in Frameworks */,
				9C723B8C1923BE5300B151FB /* UIKit.framework in Frameworks */,
				9C723B881923BE5300B151FB /* Foundation.framework in Frameworks */,
			);
			runOnlyForDeploymentPostprocessing = 0;
		};
		9C723BA11923BE5300B151FB /* Frameworks */ = {
			isa = PBXFrameworksBuildPhase;
			buildActionMask = 2147483647;
			files = (
				9C723BA61923BE5300B151FB /* XCTest.framework in Frameworks */,
				9C723BA91923BE5300B151FB /* CoreData.framework in Frameworks */,
				9C723BA81923BE5300B151FB /* UIKit.framework in Frameworks */,
				9C723BA71923BE5300B151FB /* Foundation.framework in Frameworks */,
			);
			runOnlyForDeploymentPostprocessing = 0;
		};
/* End PBXFrameworksBuildPhase section */

/* Begin PBXGroup section */
		9C723B7B1923BE5300B151FB = {
			isa = PBXGroup;
			children = (
				9C723BC31923C6F300B151FB /* DPARipple.h */,
				9C723BC41923C6F300B151FB /* DPARipple.m */,
				9C723BC11923C3C900B151FB /* DPALava.xib */,
				9C723BBC1923C1EB00B151FB /* DPAPondViewController.h */,
				9C723BBD1923C1EB00B151FB /* DPAPondViewController.m */,
				9C723BBE1923C1EB00B151FB /* DPAPondViewController.xib */,
				9C723B8F1923BE5300B151FB /* DigitalPond */,
				9C723BAC1923BE5300B151FB /* DigitalPondTests */,
				9C723B861923BE5300B151FB /* Frameworks */,
				9C723B851923BE5300B151FB /* Products */,
			);
			sourceTree = "<group>";
		};
		9C723B851923BE5300B151FB /* Products */ = {
			isa = PBXGroup;
			children = (
				9C723B841923BE5300B151FB /* DigitalPond.app */,
				9C723BA41923BE5300B151FB /* DigitalPondTests.xctest */,
			);
			name = Products;
			sourceTree = "<group>";
		};
		9C723B861923BE5300B151FB /* Frameworks */ = {
			isa = PBXGroup;
			children = (
				9C723B871923BE5300B151FB /* Foundation.framework */,
				9C723B891923BE5300B151FB /* CoreGraphics.framework */,
				9C723B8B1923BE5300B151FB /* UIKit.framework */,
				9C723B8D1923BE5300B151FB /* CoreData.framework */,
				9C723BA51923BE5300B151FB /* XCTest.framework */,
			);
			name = Frameworks;
			sourceTree = "<group>";
		};
		9C723B8F1923BE5300B151FB /* DigitalPond */ = {
			isa = PBXGroup;
			children = (
				9C723B981923BE5300B151FB /* DPAAppDelegate.h */,
				9C723B991923BE5300B151FB /* DPAAppDelegate.m */,
				9C723B9E1923BE5300B151FB /* Images.xcassets */,
				9C723B9B1923BE5300B151FB /* DigitalPond.xcdatamodeld */,
				9C723B901923BE5300B151FB /* Supporting Files */,
			);
			path = DigitalPond;
			sourceTree = "<group>";
		};
		9C723B901923BE5300B151FB /* Supporting Files */ = {
			isa = PBXGroup;
			children = (
				9C723B911923BE5300B151FB /* DigitalPond-Info.plist */,
				9C723B921923BE5300B151FB /* InfoPlist.strings */,
				9C723B951923BE5300B151FB /* main.m */,
				9C723B971923BE5300B151FB /* DigitalPond-Prefix.pch */,
			);
			name = "Supporting Files";
			sourceTree = "<group>";
		};
		9C723BAC1923BE5300B151FB /* DigitalPondTests */ = {
			isa = PBXGroup;
			children = (
				9C723BB21923BE5300B151FB /* DigitalPondTests.m */,
				9C723BAD1923BE5300B151FB /* Supporting Files */,
			);
			path = DigitalPondTests;
			sourceTree = "<group>";
		};
		9C723BAD1923BE5300B151FB /* Supporting Files */ = {
			isa = PBXGroup;
			children = (
				9C723BAE1923BE5300B151FB /* DigitalPondTests-Info.plist */,
				9C723BAF1923BE5300B151FB /* InfoPlist.strings */,
			);
			name = "Supporting Files";
			sourceTree = "<group>";
		};
/* End PBXGroup section */

/* Begin PBXNativeTarget section */
		9C723B831923BE5300B151FB /* DigitalPond */ = {
			isa = PBXNativeTarget;
			buildConfigurationList = 9C723BB61923BE5300B151FB /* Build configuration list for PBXNativeTarget "DigitalPond" */;
			buildPhases = (
				9C723B801923BE5300B151FB /* Sources */,
				9C723B811923BE5300B151FB /* Frameworks */,
				9C723B821923BE5300B151FB /* Resources */,
			);
			buildRules = (
			);
			dependencies = (
			);
			name = DigitalPond;
			productName = DigitalPond;
			productReference = 9C723B841923BE5300B151FB /* DigitalPond.app */;
			productType = "com.apple.product-type.application";
		};
		9C723BA31923BE5300B151FB /* DigitalPondTests */ = {
			isa = PBXNativeTarget;
			buildConfigurationList = 9C723BB91923BE5300B151FB /* Build configuration list for PBXNativeTarget "DigitalPondTests" */;
			buildPhases = (
				9C723BA01923BE5300B151FB /* Sources */,
				9C723BA11923BE5300B151FB /* Frameworks */,
				9C723BA21923BE5300B151FB /* Resources */,
			);
			buildRules = (
			);
			dependencies = (
				9C723BAB1923BE5300B151FB /* PBXTargetDependency */,
			);
			name = DigitalPondTests;
			productName = DigitalPondTests;
			productReference = 9C723BA41923BE5300B151FB /* DigitalPondTests.xctest */;
			productType = "com.apple.product-type.bundle.unit-test";
		};
/* End PBXNativeTarget section */

/* Begin PBXProject section */
		9C723B7C1923BE5300B151FB /* Project object */ = {
			isa = PBXProject;
			attributes = {
				CLASSPREFIX = DPA;
				LastUpgradeCheck = 0510;
				ORGANIZATIONNAME = T.J.;
				TargetAttributes = {
					9C723BA31923BE5300B151FB = {
						TestTargetID = 9C723B831923BE5300B151FB;
					};
				};
			};
			buildConfigurationList = 9C723B7F1923BE5300B151FB /* Build configuration list for PBXProject "DigitalPond" */;
			compatibilityVersion = "Xcode 3.2";
			developmentRegion = English;
			hasScannedForEncodings = 0;
			knownRegions = (
				en,
			);
			mainGroup = 9C723B7B1923BE5300B151FB;
			productRefGroup = 9C723B851923BE5300B151FB /* Products */;
			projectDirPath = "";
			projectRoot = "";
			targets = (
				9C723B831923BE5300B151FB /* DigitalPond */,
				9C723BA31923BE5300B151FB /* DigitalPondTests */,
			);
		};
/* End PBXProject section */

/* Begin PBXResourcesBuildPhase section */
		9C723B821923BE5300B151FB /* Resources */ = {
			isa = PBXResourcesBuildPhase;
			buildActionMask = 2147483647;
			files = (
				9C723B941923BE5300B151FB /* InfoPlist.strings in Resources */,
				9C723BC21923C3C900B151FB /* DPALava.xib in Resources */,
				9C723BC01923C1EB00B151FB /* DPAPondViewController.xib in Resources */,
				9C723B9F1923BE5300B151FB /* Images.xcassets in Resources */,
			);
			runOnlyForDeploymentPostprocessing = 0;
		};
		9C723BA21923BE5300B151FB /* Resources */ = {
			isa = PBXResourcesBuildPhase;
			buildActionMask = 2147483647;
			files = (
				9C723BB11923BE5300B151FB /* InfoPlist.strings in Resources */,
			);
			runOnlyForDeploymentPostprocessing = 0;
		};
/* End PBXResourcesBuildPhase section */

/* Begin PBXSourcesBuildPhase section */
		9C723B801923BE5300B151FB /* Sources */ = {
			isa = PBXSourcesBuildPhase;
			buildActionMask = 2147483647;
			files = (
				9C723B9D1923BE5300B151FB /* DigitalPond.xcdatamodeld in Sources */,
				9C723BC51923C6F300B151FB /* DPARipple.m in Sources */,
				9C723B9A1923BE5300B151FB /* DPAAppDelegate.m in Sources */,
				9C723B961923BE5300B151FB /* main.m in Sources */,
				9C723BBF1923C1EB00B151FB /* DPAPondViewController.m in Sources */,
			);
			runOnlyForDeploymentPostprocessing = 0;
		};
		9C723BA01923BE5300B151FB /* Sources */ = {
			isa = PBXSourcesBuildPhase;
			buildActionMask = 2147483647;
			files = (
				9C723BB31923BE5300B151FB /* DigitalPondTests.m in Sources */,
			);
			runOnlyForDeploymentPostprocessing = 0;
		};
/* End PBXSourcesBuildPhase section */

/* Begin PBXTargetDependency section */
		9C723BAB1923BE5300B151FB /* PBXTargetDependency */ = {
			isa = PBXTargetDependency;
			target = 9C723B831923BE5300B151FB /* DigitalPond */;
			targetProxy = 9C723BAA1923BE5300B151FB /* PBXContainerItemProxy */;
		};
/* End PBXTargetDependency section */

/* Begin PBXVariantGroup section */
		9C723B921923BE5300B151FB /* InfoPlist.strings */ = {
			isa = PBXVariantGroup;
			children = (
				9C723B931923BE5300B151FB /* en */,
			);
			name = InfoPlist.strings;
			sourceTree = "<group>";
		};
		9C723BAF1923BE5300B151FB /* InfoPlist.strings */ = {
			isa = PBXVariantGroup;
			children = (
				9C723BB01923BE5300B151FB /* en */,
			);
			name = InfoPlist.strings;
			sourceTree = "<group>";
		};
/* End PBXVariantGroup section */

/* Begin XCBuildConfiguration section */
		9C723BB41923BE5300B151FB /* Debug */ = {
			isa = XCBuildConfiguration;
			buildSettings = {
				ALWAYS_SEARCH_USER_PATHS = NO;
				CLANG_CXX_LANGUAGE_STANDARD = "gnu++0x";
				CLANG_CXX_LIBRARY = "libc++";
				CLANG_ENABLE_MODULES = YES;
				CLANG_ENABLE_OBJC_ARC = YES;
				CLANG_WARN_BOOL_CONVERSION = YES;
				CLANG_WARN_CONSTANT_CONVERSION = YES;
				CLANG_WARN_DIRECT_OBJC_ISA_USAGE = YES_ERROR;
				CLANG_WARN_EMPTY_BODY = YES;
				CLANG_WARN_ENUM_CONVERSION = YES;
				CLANG_WARN_INT_CONVERSION = YES;
				CLANG_WARN_OBJC_ROOT_CLASS = YES_ERROR;
				CLANG_WARN__DUPLICATE_METHOD_MATCH = YES;
				"CODE_SIGN_IDENTITY[sdk=iphoneos*]" = "iPhone Developer";
				COPY_PHASE_STRIP = NO;
				GCC_C_LANGUAGE_STANDARD = gnu99;
				GCC_DYNAMIC_NO_PIC = NO;
				GCC_OPTIMIZATION_LEVEL = 0;
				GCC_PREPROCESSOR_DEFINITIONS = (
					"DEBUG=1",
					"$(inherited)",
				);
				GCC_SYMBOLS_PRIVATE_EXTERN = NO;
				GCC_WARN_64_TO_32_BIT_CONVERSION = YES;
				GCC_WARN_ABOUT_RETURN_TYPE = YES_ERROR;
				GCC_WARN_UNDECLARED_SELECTOR = YES;
				GCC_WARN_UNINITIALIZED_AUTOS = YES_AGGRESSIVE;
				GCC_WARN_UNUSED_FUNCTION = YES;
				GCC_WARN_UNUSED_VARIABLE = YES;
				IPHONEOS_DEPLOYMENT_TARGET = 7.1;
				ONLY_ACTIVE_ARCH = YES;
				SDKROOT = iphoneos;
			};
			name = Debug;
		};
		9C723BB51923BE5300B151FB /* Release */ = {
			isa = XCBuildConfiguration;
			buildSettings = {
				ALWAYS_SEARCH_USER_PATHS = NO;
				CLANG_CXX_LANGUAGE_STANDARD = "gnu++0x";
				CLANG_CXX_LIBRARY = "libc++";
				CLANG_ENABLE_MODULES = YES;
				CLANG_ENABLE_OBJC_ARC = YES;
				CLANG_WARN_BOOL_CONVERSION = YES;
				CLANG_WARN_CONSTANT_CONVERSION = YES;
				CLANG_WARN_DIRECT_OBJC_ISA_USAGE = YES_ERROR;
				CLANG_WARN_EMPTY_BODY = YES;
				CLANG_WARN_ENUM_CONVERSION = YES;
				CLANG_WARN_INT_CONVERSION = YES;
				CLANG_WARN_OBJC_ROOT_CLASS = YES_ERROR;
				CLANG_WARN__DUPLICATE_METHOD_MATCH = YES;
				"CODE_SIGN_IDENTITY[sdk=iphoneos*]" = "iPhone Developer";
				COPY_PHASE_STRIP = YES;
				ENABLE_NS_ASSERTIONS = NO;
				GCC_C_LANGUAGE_STANDARD = gnu99;
				GCC_WARN_64_TO_32_BIT_CONVERSION = YES;
				GCC_WARN_ABOUT_RETURN_TYPE = YES_ERROR;
				GCC_WARN_UNDECLARED_SELECTOR = YES;
				GCC_WARN_UNINITIALIZED_AUTOS = YES_AGGRESSIVE;
				GCC_WARN_UNUSED_FUNCTION = YES;
				GCC_WARN_UNUSED_VARIABLE = YES;
				IPHONEOS_DEPLOYMENT_TARGET = 7.1;
				SDKROOT = iphoneos;
				VALIDATE_PRODUCT = YES;
			};
			name = Release;
		};
		9C723BB71923BE5300B151FB /* Debug */ = {
			isa = XCBuildConfiguration;
			buildSettings = {
				ASSETCATALOG_COMPILER_APPICON_NAME = AppIcon;
				ASSETCATALOG_COMPILER_LAUNCHIMAGE_NAME = LaunchImage;
				GCC_PRECOMPILE_PREFIX_HEADER = YES;
				GCC_PREFIX_HEADER = "DigitalPond/DigitalPond-Prefix.pch";
				INFOPLIST_FILE = "DigitalPond/DigitalPond-Info.plist";
				PRODUCT_NAME = "$(TARGET_NAME)";
				WRAPPER_EXTENSION = app;
			};
			name = Debug;
		};
		9C723BB81923BE5300B151FB /* Release */ = {
			isa = XCBuildConfiguration;
			buildSettings = {
				ASSETCATALOG_COMPILER_APPICON_NAME = AppIcon;
				ASSETCATALOG_COMPILER_LAUNCHIMAGE_NAME = LaunchImage;
				GCC_PRECOMPILE_PREFIX_HEADER = YES;
				GCC_PREFIX_HEADER = "DigitalPond/DigitalPond-Prefix.pch";
				INFOPLIST_FILE = "DigitalPond/DigitalPond-Info.plist";
				PRODUCT_NAME = "$(TARGET_NAME)";
				WRAPPER_EXTENSION = app;
			};
			name = Release;
		};
		9C723BBA1923BE5300B151FB /* Debug */ = {
			isa = XCBuildConfiguration;
			buildSettings = {
				BUNDLE_LOADER = "$(BUILT_PRODUCTS_DIR)/DigitalPond.app/DigitalPond";
				FRAMEWORK_SEARCH_PATHS = (
					"$(SDKROOT)/Developer/Library/Frameworks",
					"$(inherited)",
					"$(DEVELOPER_FRAMEWORKS_DIR)",
				);
				GCC_PRECOMPILE_PREFIX_HEADER = YES;
				GCC_PREFIX_HEADER = "DigitalPond/DigitalPond-Prefix.pch";
				GCC_PREPROCESSOR_DEFINITIONS = (
					"DEBUG=1",
					"$(inherited)",
				);
				INFOPLIST_FILE = "DigitalPondTests/DigitalPondTests-Info.plist";
				PRODUCT_NAME = "$(TARGET_NAME)";
				TEST_HOST = "$(BUNDLE_LOADER)";
				WRAPPER_EXTENSION = xctest;
			};
			name = Debug;
		};
		9C723BBB1923BE5300B151FB /* Release */ = {
			isa = XCBuildConfiguration;
			buildSettings = {
				BUNDLE_LOADER = "$(BUILT_PRODUCTS_DIR)/DigitalPond.app/DigitalPond";
				FRAMEWORK_SEARCH_PATHS = (
					"$(SDKROOT)/Developer/Library/Frameworks",
					"$(inherited)",
					"$(DEVELOPER_FRAMEWORKS_DIR)",
				);
				GCC_PRECOMPILE_PREFIX_HEADER = YES;
				GCC_PREFIX_HEADER = "DigitalPond/DigitalPond-Prefix.pch";
				INFOPLIST_FILE = "DigitalPondTests/DigitalPondTests-Info.plist";
				PRODUCT_NAME = "$(TARGET_NAME)";
				TEST_HOST = "$(BUNDLE_LOADER)";
				WRAPPER_EXTENSION = xctest;
			};
			name = Release;
		};
/* End XCBuildConfiguration section */

/* Begin XCConfigurationList section */
		9C723B7F1923BE5300B151FB /* Build configuration list for PBXProject "DigitalPond" */ = {
			isa = XCConfigurationList;
			buildConfigurations = (
				9C723BB41923BE5300B151FB /* Debug */,
				9C723BB51923BE5300B151FB /* Release */,
			);
			defaultConfigurationIsVisible = 0;
			defaultConfigurationName = Release;
		};
		9C723BB61923BE5300B151FB /* Build configuration list for PBXNativeTarget "DigitalPond" */ = {
			isa = XCConfigurationList;
			buildConfigurations = (
				9C723BB71923BE5300B151FB /* Debug */,
				9C723BB81923BE5300B151FB /* Release */,
			);
			defaultConfigurationIsVisible = 0;
		};
		9C723BB91923BE5300B151FB /* Build configuration list for PBXNativeTarget "DigitalPondTests" */ = {
			isa = XCConfigurationList;
			buildConfigurations = (
				9C723BBA1923BE5300B151FB /* Debug */,
				9C723BBB1923BE5300B151FB /* Release */,
			);
			defaultConfigurationIsVisible = 0;
		};
/* End XCConfigurationList section */

/* Begin XCVersionGroup section */
		9C723B9B1923BE5300B151FB /* DigitalPond.xcdatamodeld */ = {
			isa = XCVersionGroup;
			children = (
				9C723B9C1923BE5300B151FB /* DigitalPond.xcdatamodel */,
			);
			currentVersion = 9C723B9C1923BE5300B151FB /* DigitalPond.xcdatamodel */;
			path = DigitalPond.xcdatamodeld;
			sourceTree = "<group>";
			versionGroupType = wrapper.xcdatamodel;
		};
/* End XCVersionGroup section */
	};
	rootObject = 9C723B7C1923BE5300B151FB /* Project object */;
}
