// !$*UTF8*$!
{
	archiveVersion = 1;
	classes = {
	};
	objectVersion = 46;
	objects = {

/* Begin PBXBuildFile section */
		9C27B54018F8260F001F293B /* Foundation.framework in Frameworks */ = {isa = PBXBuildFile; fileRef = 9C27B53F18F8260F001F293B /* Foundation.framework */; };
		9C27B54218F8260F001F293B /* CoreGraphics.framework in Frameworks */ = {isa = PBXBuildFile; fileRef = 9C27B54118F8260F001F293B /* CoreGraphics.framework */; };
		9C27B54418F8260F001F293B /* UIKit.framework in Frameworks */ = {isa = PBXBuildFile; fileRef = 9C27B54318F8260F001F293B /* UIKit.framework */; };
		9C27B54A18F8260F001F293B /* InfoPlist.strings in Resources */ = {isa = PBXBuildFile; fileRef = 9C27B54818F8260F001F293B /* InfoPlist.strings */; };
		9C27B54C18F8260F001F293B /* main.m in Sources */ = {isa = PBXBuildFile; fileRef = 9C27B54B18F8260F001F293B /* main.m */; };
		9C27B55018F8260F001F293B /* SCGAppDelegate.m in Sources */ = {isa = PBXBuildFile; fileRef = 9C27B54F18F8260F001F293B /* SCGAppDelegate.m */; };
		9C27B55218F8260F001F293B /* Images.xcassets in Resources */ = {isa = PBXBuildFile; fileRef = 9C27B55118F8260F001F293B /* Images.xcassets */; };
		9C27B55918F8260F001F293B /* XCTest.framework in Frameworks */ = {isa = PBXBuildFile; fileRef = 9C27B55818F8260F001F293B /* XCTest.framework */; };
		9C27B55A18F8260F001F293B /* Foundation.framework in Frameworks */ = {isa = PBXBuildFile; fileRef = 9C27B53F18F8260F001F293B /* Foundation.framework */; };
		9C27B55B18F8260F001F293B /* UIKit.framework in Frameworks */ = {isa = PBXBuildFile; fileRef = 9C27B54318F8260F001F293B /* UIKit.framework */; };
		9C27B56318F8260F001F293B /* InfoPlist.strings in Resources */ = {isa = PBXBuildFile; fileRef = 9C27B56118F8260F001F293B /* InfoPlist.strings */; };
		9C27B56518F8260F001F293B /* SquaresTests.m in Sources */ = {isa = PBXBuildFile; fileRef = 9C27B56418F8260F001F293B /* SquaresTests.m */; };
		9C27B57318F82817001F293B /* SCGStageVC.m in Sources */ = {isa = PBXBuildFile; fileRef = 9C27B57218F82817001F293B /* SCGStageVC.m */; };
		9C27B57818F82B8B001F293B /* SCGSquare.m in Sources */ = {isa = PBXBuildFile; fileRef = 9C27B57718F82B8B001F293B /* SCGSquare.m */; };
		9C27B57B18F82B98001F293B /* SCGCircle.m in Sources */ = {isa = PBXBuildFile; fileRef = 9C27B57A18F82B98001F293B /* SCGCircle.m */; };
/* End PBXBuildFile section */

/* Begin PBXContainerItemProxy section */
		9C27B55C18F8260F001F293B /* PBXContainerItemProxy */ = {
			isa = PBXContainerItemProxy;
			containerPortal = 9C27B53418F8260F001F293B /* Project object */;
			proxyType = 1;
			remoteGlobalIDString = 9C27B53B18F8260F001F293B;
			remoteInfo = Squares;
		};
/* End PBXContainerItemProxy section */

/* Begin PBXFileReference section */
		9C27B53C18F8260F001F293B /* ▢s & ◯s.app */ = {isa = PBXFileReference; explicitFileType = wrapper.application; includeInIndex = 0; path = "▢s & ◯s.app"; sourceTree = BUILT_PRODUCTS_DIR; };
		9C27B53F18F8260F001F293B /* Foundation.framework */ = {isa = PBXFileReference; lastKnownFileType = wrapper.framework; name = Foundation.framework; path = System/Library/Frameworks/Foundation.framework; sourceTree = SDKROOT; };
		9C27B54118F8260F001F293B /* CoreGraphics.framework */ = {isa = PBXFileReference; lastKnownFileType = wrapper.framework; name = CoreGraphics.framework; path = System/Library/Frameworks/CoreGraphics.framework; sourceTree = SDKROOT; };
		9C27B54318F8260F001F293B /* UIKit.framework */ = {isa = PBXFileReference; lastKnownFileType = wrapper.framework; name = UIKit.framework; path = System/Library/Frameworks/UIKit.framework; sourceTree = SDKROOT; };
		9C27B54718F8260F001F293B /* Squares-Info.plist */ = {isa = PBXFileReference; lastKnownFileType = text.plist.xml; path = "Squares-Info.plist"; sourceTree = "<group>"; };
		9C27B54918F8260F001F293B /* en */ = {isa = PBXFileReference; lastKnownFileType = text.plist.strings; name = en; path = en.lproj/InfoPlist.strings; sourceTree = "<group>"; };
		9C27B54B18F8260F001F293B /* main.m */ = {isa = PBXFileReference; lastKnownFileType = sourcecode.c.objc; path = main.m; sourceTree = "<group>"; };
		9C27B54D18F8260F001F293B /* Squares-Prefix.pch */ = {isa = PBXFileReference; lastKnownFileType = sourcecode.c.h; path = "Squares-Prefix.pch"; sourceTree = "<group>"; };
		9C27B54E18F8260F001F293B /* SCGAppDelegate.h */ = {isa = PBXFileReference; lastKnownFileType = sourcecode.c.h; path = SCGAppDelegate.h; sourceTree = "<group>"; };
		9C27B54F18F8260F001F293B /* SCGAppDelegate.m */ = {isa = PBXFileReference; lastKnownFileType = sourcecode.c.objc; path = SCGAppDelegate.m; sourceTree = "<group>"; };
		9C27B55118F8260F001F293B /* Images.xcassets */ = {isa = PBXFileReference; lastKnownFileType = folder.assetcatalog; path = Images.xcassets; sourceTree = "<group>"; };
		9C27B55718F8260F001F293B /* SquaresTests.xctest */ = {isa = PBXFileReference; explicitFileType = wrapper.cfbundle; includeInIndex = 0; path = SquaresTests.xctest; sourceTree = BUILT_PRODUCTS_DIR; };
		9C27B55818F8260F001F293B /* XCTest.framework */ = {isa = PBXFileReference; lastKnownFileType = wrapper.framework; name = XCTest.framework; path = Library/Frameworks/XCTest.framework; sourceTree = DEVELOPER_DIR; };
		9C27B56018F8260F001F293B /* SquaresTests-Info.plist */ = {isa = PBXFileReference; lastKnownFileType = text.plist.xml; path = "SquaresTests-Info.plist"; sourceTree = "<group>"; };
		9C27B56218F8260F001F293B /* en */ = {isa = PBXFileReference; lastKnownFileType = text.plist.strings; name = en; path = en.lproj/InfoPlist.strings; sourceTree = "<group>"; };
		9C27B56418F8260F001F293B /* SquaresTests.m */ = {isa = PBXFileReference; lastKnownFileType = sourcecode.c.objc; path = SquaresTests.m; sourceTree = "<group>"; };
		9C27B57118F82817001F293B /* SCGStageVC.h */ = {isa = PBXFileReference; fileEncoding = 4; lastKnownFileType = sourcecode.c.h; path = SCGStageVC.h; sourceTree = "<group>"; };
		9C27B57218F82817001F293B /* SCGStageVC.m */ = {isa = PBXFileReference; fileEncoding = 4; lastKnownFileType = sourcecode.c.objc; path = SCGStageVC.m; sourceTree = "<group>"; };
		9C27B57618F82B8B001F293B /* SCGSquare.h */ = {isa = PBXFileReference; fileEncoding = 4; lastKnownFileType = sourcecode.c.h; path = SCGSquare.h; sourceTree = "<group>"; };
		9C27B57718F82B8B001F293B /* SCGSquare.m */ = {isa = PBXFileReference; fileEncoding = 4; lastKnownFileType = sourcecode.c.objc; path = SCGSquare.m; sourceTree = "<group>"; };
		9C27B57918F82B98001F293B /* SCGCircle.h */ = {isa = PBXFileReference; fileEncoding = 4; lastKnownFileType = sourcecode.c.h; path = SCGCircle.h; sourceTree = "<group>"; };
		9C27B57A18F82B98001F293B /* SCGCircle.m */ = {isa = PBXFileReference; fileEncoding = 4; lastKnownFileType = sourcecode.c.objc; path = SCGCircle.m; sourceTree = "<group>"; };
/* End PBXFileReference section */

/* Begin PBXFrameworksBuildPhase section */
		9C27B53918F8260F001F293B /* Frameworks */ = {
			isa = PBXFrameworksBuildPhase;
			buildActionMask = 2147483647;
			files = (
				9C27B54218F8260F001F293B /* CoreGraphics.framework in Frameworks */,
				9C27B54418F8260F001F293B /* UIKit.framework in Frameworks */,
				9C27B54018F8260F001F293B /* Foundation.framework in Frameworks */,
			);
			runOnlyForDeploymentPostprocessing = 0;
		};
		9C27B55418F8260F001F293B /* Frameworks */ = {
			isa = PBXFrameworksBuildPhase;
			buildActionMask = 2147483647;
			files = (
				9C27B55918F8260F001F293B /* XCTest.framework in Frameworks */,
				9C27B55B18F8260F001F293B /* UIKit.framework in Frameworks */,
				9C27B55A18F8260F001F293B /* Foundation.framework in Frameworks */,
			);
			runOnlyForDeploymentPostprocessing = 0;
		};
/* End PBXFrameworksBuildPhase section */

/* Begin PBXGroup section */
		9C27B53318F8260F001F293B = {
			isa = PBXGroup;
			children = (
				9C27B57018F8275C001F293B /* Random */,
				9C27B56E18F82741001F293B /* Controllers */,
				9C27B54518F8260F001F293B /* Squares */,
				9C27B55E18F8260F001F293B /* SquaresTests */,
				9C27B53E18F8260F001F293B /* Frameworks */,
				9C27B53D18F8260F001F293B /* Products */,
			);
			sourceTree = "<group>";
		};
		9C27B53D18F8260F001F293B /* Products */ = {
			isa = PBXGroup;
			children = (
				9C27B53C18F8260F001F293B /* ▢s & ◯s.app */,
				9C27B55718F8260F001F293B /* SquaresTests.xctest */,
			);
			name = Products;
			sourceTree = "<group>";
		};
		9C27B53E18F8260F001F293B /* Frameworks */ = {
			isa = PBXGroup;
			children = (
				9C27B53F18F8260F001F293B /* Foundation.framework */,
				9C27B54118F8260F001F293B /* CoreGraphics.framework */,
				9C27B54318F8260F001F293B /* UIKit.framework */,
				9C27B55818F8260F001F293B /* XCTest.framework */,
			);
			name = Frameworks;
			sourceTree = "<group>";
		};
		9C27B54518F8260F001F293B /* Squares */ = {
			isa = PBXGroup;
			children = (
				9C27B54E18F8260F001F293B /* SCGAppDelegate.h */,
				9C27B54F18F8260F001F293B /* SCGAppDelegate.m */,
				9C27B55118F8260F001F293B /* Images.xcassets */,
				9C27B54618F8260F001F293B /* Supporting Files */,
			);
			path = Squares;
			sourceTree = "<group>";
		};
		9C27B54618F8260F001F293B /* Supporting Files */ = {
			isa = PBXGroup;
			children = (
				9C27B54718F8260F001F293B /* Squares-Info.plist */,
				9C27B54818F8260F001F293B /* InfoPlist.strings */,
				9C27B54B18F8260F001F293B /* main.m */,
				9C27B54D18F8260F001F293B /* Squares-Prefix.pch */,
			);
			name = "Supporting Files";
			sourceTree = "<group>";
		};
		9C27B55E18F8260F001F293B /* SquaresTests */ = {
			isa = PBXGroup;
			children = (
				9C27B56418F8260F001F293B /* SquaresTests.m */,
				9C27B55F18F8260F001F293B /* Supporting Files */,
			);
			path = SquaresTests;
			sourceTree = "<group>";
		};
		9C27B55F18F8260F001F293B /* Supporting Files */ = {
			isa = PBXGroup;
			children = (
				9C27B56018F8260F001F293B /* SquaresTests-Info.plist */,
				9C27B56118F8260F001F293B /* InfoPlist.strings */,
			);
			name = "Supporting Files";
			sourceTree = "<group>";
		};
		9C27B56E18F82741001F293B /* Controllers */ = {
			isa = PBXGroup;
			children = (
				9C27B57118F82817001F293B /* SCGStageVC.h */,
				9C27B57218F82817001F293B /* SCGStageVC.m */,
				9C27B57518F829E5001F293B /* StageElements */,
			);
			name = Controllers;
			sourceTree = "<group>";
		};
		9C27B57018F8275C001F293B /* Random */ = {
			isa = PBXGroup;
			children = (
			);
			name = Random;
			sourceTree = "<group>";
		};
		9C27B57518F829E5001F293B /* StageElements */ = {
			isa = PBXGroup;
			children = (
				9C27B57618F82B8B001F293B /* SCGSquare.h */,
				9C27B57718F82B8B001F293B /* SCGSquare.m */,
				9C27B57918F82B98001F293B /* SCGCircle.h */,
				9C27B57A18F82B98001F293B /* SCGCircle.m */,
			);
			name = StageElements;
			sourceTree = "<group>";
		};
/* End PBXGroup section */

/* Begin PBXNativeTarget section */
		9C27B53B18F8260F001F293B /* ▢s & ◯s */ = {
			isa = PBXNativeTarget;
			buildConfigurationList = 9C27B56818F8260F001F293B /* Build configuration list for PBXNativeTarget "▢s & ◯s" */;
			buildPhases = (
				9C27B53818F8260F001F293B /* Sources */,
				9C27B53918F8260F001F293B /* Frameworks */,
				9C27B53A18F8260F001F293B /* Resources */,
			);
			buildRules = (
			);
			dependencies = (
			);
			name = "▢s & ◯s";
			productName = Squares;
			productReference = 9C27B53C18F8260F001F293B /* ▢s & ◯s.app */;
			productType = "com.apple.product-type.application";
		};
		9C27B55618F8260F001F293B /* SquaresTests */ = {
			isa = PBXNativeTarget;
			buildConfigurationList = 9C27B56B18F8260F001F293B /* Build configuration list for PBXNativeTarget "SquaresTests" */;
			buildPhases = (
				9C27B55318F8260F001F293B /* Sources */,
				9C27B55418F8260F001F293B /* Frameworks */,
				9C27B55518F8260F001F293B /* Resources */,
			);
			buildRules = (
			);
			dependencies = (
				9C27B55D18F8260F001F293B /* PBXTargetDependency */,
			);
			name = SquaresTests;
			productName = SquaresTests;
			productReference = 9C27B55718F8260F001F293B /* SquaresTests.xctest */;
			productType = "com.apple.product-type.bundle.unit-test";
		};
/* End PBXNativeTarget section */

/* Begin PBXProject section */
		9C27B53418F8260F001F293B /* Project object */ = {
			isa = PBXProject;
			attributes = {
				CLASSPREFIX = SCG;
				LastUpgradeCheck = 0510;
				ORGANIZATIONNAME = T.J.;
				TargetAttributes = {
					9C27B55618F8260F001F293B = {
						TestTargetID = 9C27B53B18F8260F001F293B;
					};
				};
			};
			buildConfigurationList = 9C27B53718F8260F001F293B /* Build configuration list for PBXProject "Squares" */;
			compatibilityVersion = "Xcode 3.2";
			developmentRegion = English;
			hasScannedForEncodings = 0;
			knownRegions = (
				en,
			);
			mainGroup = 9C27B53318F8260F001F293B;
			productRefGroup = 9C27B53D18F8260F001F293B /* Products */;
			projectDirPath = "";
			projectRoot = "";
			targets = (
				9C27B53B18F8260F001F293B /* ▢s & ◯s */,
				9C27B55618F8260F001F293B /* SquaresTests */,
			);
		};
/* End PBXProject section */

/* Begin PBXResourcesBuildPhase section */
		9C27B53A18F8260F001F293B /* Resources */ = {
			isa = PBXResourcesBuildPhase;
			buildActionMask = 2147483647;
			files = (
				9C27B54A18F8260F001F293B /* InfoPlist.strings in Resources */,
				9C27B55218F8260F001F293B /* Images.xcassets in Resources */,
			);
			runOnlyForDeploymentPostprocessing = 0;
		};
		9C27B55518F8260F001F293B /* Resources */ = {
			isa = PBXResourcesBuildPhase;
			buildActionMask = 2147483647;
			files = (
				9C27B56318F8260F001F293B /* InfoPlist.strings in Resources */,
			);
			runOnlyForDeploymentPostprocessing = 0;
		};
/* End PBXResourcesBuildPhase section */

/* Begin PBXSourcesBuildPhase section */
		9C27B53818F8260F001F293B /* Sources */ = {
			isa = PBXSourcesBuildPhase;
			buildActionMask = 2147483647;
			files = (
				9C27B57818F82B8B001F293B /* SCGSquare.m in Sources */,
				9C27B57B18F82B98001F293B /* SCGCircle.m in Sources */,
				9C27B55018F8260F001F293B /* SCGAppDelegate.m in Sources */,
				9C27B54C18F8260F001F293B /* main.m in Sources */,
				9C27B57318F82817001F293B /* SCGStageVC.m in Sources */,
			);
			runOnlyForDeploymentPostprocessing = 0;
		};
		9C27B55318F8260F001F293B /* Sources */ = {
			isa = PBXSourcesBuildPhase;
			buildActionMask = 2147483647;
			files = (
				9C27B56518F8260F001F293B /* SquaresTests.m in Sources */,
			);
			runOnlyForDeploymentPostprocessing = 0;
		};
/* End PBXSourcesBuildPhase section */

/* Begin PBXTargetDependency section */
		9C27B55D18F8260F001F293B /* PBXTargetDependency */ = {
			isa = PBXTargetDependency;
			target = 9C27B53B18F8260F001F293B /* ▢s & ◯s */;
			targetProxy = 9C27B55C18F8260F001F293B /* PBXContainerItemProxy */;
		};
/* End PBXTargetDependency section */

/* Begin PBXVariantGroup section */
		9C27B54818F8260F001F293B /* InfoPlist.strings */ = {
			isa = PBXVariantGroup;
			children = (
				9C27B54918F8260F001F293B /* en */,
			);
			name = InfoPlist.strings;
			sourceTree = "<group>";
		};
		9C27B56118F8260F001F293B /* InfoPlist.strings */ = {
			isa = PBXVariantGroup;
			children = (
				9C27B56218F8260F001F293B /* en */,
			);
			name = InfoPlist.strings;
			sourceTree = "<group>";
		};
/* End PBXVariantGroup section */

/* Begin XCBuildConfiguration section */
		9C27B56618F8260F001F293B /* Debug */ = {
			isa = XCBuildConfiguration;
			buildSettings = {
				ALWAYS_SEARCH_USER_PATHS = NO;
				CLANG_CXX_LANGUAGE_STANDARD = "gnu++0x";
				CLANG_CXX_LIBRARY = "libc++";
				CLANG_ENABLE_MODULES = YES;
				CLANG_ENABLE_OBJC_ARC = YES;
				CLANG_WARN_BOOL_CONVERSION = YES;
				CLANG_WARN_CONSTANT_CONVERSION = YES;
				CLANG_WARN_DIRECT_OBJC_ISA_USAGE = YES_ERROR;
				CLANG_WARN_EMPTY_BODY = YES;
				CLANG_WARN_ENUM_CONVERSION = YES;
				CLANG_WARN_INT_CONVERSION = YES;
				CLANG_WARN_OBJC_ROOT_CLASS = YES_ERROR;
				CLANG_WARN__DUPLICATE_METHOD_MATCH = YES;
				"CODE_SIGN_IDENTITY[sdk=iphoneos*]" = "iPhone Developer";
				COPY_PHASE_STRIP = NO;
				GCC_C_LANGUAGE_STANDARD = gnu99;
				GCC_DYNAMIC_NO_PIC = NO;
				GCC_OPTIMIZATION_LEVEL = 0;
				GCC_PREPROCESSOR_DEFINITIONS = (
					"DEBUG=1",
					"$(inherited)",
				);
				GCC_SYMBOLS_PRIVATE_EXTERN = NO;
				GCC_WARN_64_TO_32_BIT_CONVERSION = YES;
				GCC_WARN_ABOUT_RETURN_TYPE = YES_ERROR;
				GCC_WARN_UNDECLARED_SELECTOR = YES;
				GCC_WARN_UNINITIALIZED_AUTOS = YES_AGGRESSIVE;
				GCC_WARN_UNUSED_FUNCTION = YES;
				GCC_WARN_UNUSED_VARIABLE = YES;
				IPHONEOS_DEPLOYMENT_TARGET = 7.1;
				ONLY_ACTIVE_ARCH = YES;
				SDKROOT = iphoneos;
			};
			name = Debug;
		};
		9C27B56718F8260F001F293B /* Release */ = {
			isa = XCBuildConfiguration;
			buildSettings = {
				ALWAYS_SEARCH_USER_PATHS = NO;
				CLANG_CXX_LANGUAGE_STANDARD = "gnu++0x";
				CLANG_CXX_LIBRARY = "libc++";
				CLANG_ENABLE_MODULES = YES;
				CLANG_ENABLE_OBJC_ARC = YES;
				CLANG_WARN_BOOL_CONVERSION = YES;
				CLANG_WARN_CONSTANT_CONVERSION = YES;
				CLANG_WARN_DIRECT_OBJC_ISA_USAGE = YES_ERROR;
				CLANG_WARN_EMPTY_BODY = YES;
				CLANG_WARN_ENUM_CONVERSION = YES;
				CLANG_WARN_INT_CONVERSION = YES;
				CLANG_WARN_OBJC_ROOT_CLASS = YES_ERROR;
				CLANG_WARN__DUPLICATE_METHOD_MATCH = YES;
				"CODE_SIGN_IDENTITY[sdk=iphoneos*]" = "iPhone Developer";
				COPY_PHASE_STRIP = YES;
				ENABLE_NS_ASSERTIONS = NO;
				GCC_C_LANGUAGE_STANDARD = gnu99;
				GCC_WARN_64_TO_32_BIT_CONVERSION = YES;
				GCC_WARN_ABOUT_RETURN_TYPE = YES_ERROR;
				GCC_WARN_UNDECLARED_SELECTOR = YES;
				GCC_WARN_UNINITIALIZED_AUTOS = YES_AGGRESSIVE;
				GCC_WARN_UNUSED_FUNCTION = YES;
				GCC_WARN_UNUSED_VARIABLE = YES;
				IPHONEOS_DEPLOYMENT_TARGET = 7.1;
				SDKROOT = iphoneos;
				VALIDATE_PRODUCT = YES;
			};
			name = Release;
		};
		9C27B56918F8260F001F293B /* Debug */ = {
			isa = XCBuildConfiguration;
			buildSettings = {
				ASSETCATALOG_COMPILER_APPICON_NAME = AppIcon;
				ASSETCATALOG_COMPILER_LAUNCHIMAGE_NAME = LaunchImage;
				GCC_PRECOMPILE_PREFIX_HEADER = YES;
				GCC_PREFIX_HEADER = "Squares/Squares-Prefix.pch";
				INFOPLIST_FILE = "Squares/Squares-Info.plist";
				IPHONEOS_DEPLOYMENT_TARGET = 7.0;
				PRODUCT_NAME = "$(TARGET_NAME)";
				TARGETED_DEVICE_FAMILY = "1,2";
				WRAPPER_EXTENSION = app;
			};
			name = Debug;
		};
		9C27B56A18F8260F001F293B /* Release */ = {
			isa = XCBuildConfiguration;
			buildSettings = {
				ASSETCATALOG_COMPILER_APPICON_NAME = AppIcon;
				ASSETCATALOG_COMPILER_LAUNCHIMAGE_NAME = LaunchImage;
				GCC_PRECOMPILE_PREFIX_HEADER = YES;
				GCC_PREFIX_HEADER = "Squares/Squares-Prefix.pch";
				INFOPLIST_FILE = "Squares/Squares-Info.plist";
				IPHONEOS_DEPLOYMENT_TARGET = 7.0;
				PRODUCT_NAME = "$(TARGET_NAME)";
				TARGETED_DEVICE_FAMILY = "1,2";
				WRAPPER_EXTENSION = app;
			};
			name = Release;
		};
		9C27B56C18F8260F001F293B /* Debug */ = {
			isa = XCBuildConfiguration;
			buildSettings = {
				BUNDLE_LOADER = "$(BUILT_PRODUCTS_DIR)/Squares.app/Squares";
				FRAMEWORK_SEARCH_PATHS = (
					"$(SDKROOT)/Developer/Library/Frameworks",
					"$(inherited)",
					"$(DEVELOPER_FRAMEWORKS_DIR)",
				);
				GCC_PRECOMPILE_PREFIX_HEADER = YES;
				GCC_PREFIX_HEADER = "Squares/Squares-Prefix.pch";
				GCC_PREPROCESSOR_DEFINITIONS = (
					"DEBUG=1",
					"$(inherited)",
				);
				INFOPLIST_FILE = "SquaresTests/SquaresTests-Info.plist";
				PRODUCT_NAME = "$(TARGET_NAME)";
				TEST_HOST = "$(BUNDLE_LOADER)";
				WRAPPER_EXTENSION = xctest;
			};
			name = Debug;
		};
		9C27B56D18F8260F001F293B /* Release */ = {
			isa = XCBuildConfiguration;
			buildSettings = {
				BUNDLE_LOADER = "$(BUILT_PRODUCTS_DIR)/Squares.app/Squares";
				FRAMEWORK_SEARCH_PATHS = (
					"$(SDKROOT)/Developer/Library/Frameworks",
					"$(inherited)",
					"$(DEVELOPER_FRAMEWORKS_DIR)",
				);
				GCC_PRECOMPILE_PREFIX_HEADER = YES;
				GCC_PREFIX_HEADER = "Squares/Squares-Prefix.pch";
				INFOPLIST_FILE = "SquaresTests/SquaresTests-Info.plist";
				PRODUCT_NAME = "$(TARGET_NAME)";
				TEST_HOST = "$(BUNDLE_LOADER)";
				WRAPPER_EXTENSION = xctest;
			};
			name = Release;
		};
/* End XCBuildConfiguration section */

/* Begin XCConfigurationList section */
		9C27B53718F8260F001F293B /* Build configuration list for PBXProject "Squares" */ = {
			isa = XCConfigurationList;
			buildConfigurations = (
				9C27B56618F8260F001F293B /* Debug */,
				9C27B56718F8260F001F293B /* Release */,
			);
			defaultConfigurationIsVisible = 0;
			defaultConfigurationName = Release;
		};
		9C27B56818F8260F001F293B /* Build configuration list for PBXNativeTarget "▢s & ◯s" */ = {
			isa = XCConfigurationList;
			buildConfigurations = (
				9C27B56918F8260F001F293B /* Debug */,
				9C27B56A18F8260F001F293B /* Release */,
			);
			defaultConfigurationIsVisible = 0;
			defaultConfigurationName = Release;
		};
		9C27B56B18F8260F001F293B /* Build configuration list for PBXNativeTarget "SquaresTests" */ = {
			isa = XCConfigurationList;
			buildConfigurations = (
				9C27B56C18F8260F001F293B /* Debug */,
				9C27B56D18F8260F001F293B /* Release */,
			);
			defaultConfigurationIsVisible = 0;
			defaultConfigurationName = Release;
		};
/* End XCConfigurationList section */
	};
	rootObject = 9C27B53418F8260F001F293B /* Project object */;
}
